// !$*UTF8*$!
{
	archiveVersion = 1;
	classes = {
	};
	objectVersion = 56;
	objects = {

/* Begin PBXBuildFile section */
		F93FAF9C29A26E1400786ED4 /* AppDelegate.swift in Sources */ = {isa = PBXBuildFile; fileRef = F93FAF9B29A26E1400786ED4 /* AppDelegate.swift */; };
		F93FAF9E29A26E1400786ED4 /* SceneDelegate.swift in Sources */ = {isa = PBXBuildFile; fileRef = F93FAF9D29A26E1400786ED4 /* SceneDelegate.swift */; };
		F93FAFA029A26E1400786ED4 /* ViewController.swift in Sources */ = {isa = PBXBuildFile; fileRef = F93FAF9F29A26E1400786ED4 /* ViewController.swift */; };
		F93FAFA329A26E1400786ED4 /* Main.storyboard in Resources */ = {isa = PBXBuildFile; fileRef = F93FAFA129A26E1400786ED4 /* Main.storyboard */; };
		F93FAFA529A26E1500786ED4 /* Assets.xcassets in Resources */ = {isa = PBXBuildFile; fileRef = F93FAFA429A26E1500786ED4 /* Assets.xcassets */; };
		F93FAFA829A26E1500786ED4 /* LaunchScreen.storyboard in Resources */ = {isa = PBXBuildFile; fileRef = F93FAFA629A26E1500786ED4 /* LaunchScreen.storyboard */; };
		F93FAFB629A26E2600786ED4 /* AppDelegate.swift in Sources */ = {isa = PBXBuildFile; fileRef = F93FAFB529A26E2600786ED4 /* AppDelegate.swift */; };
		F93FAFB829A26E2600786ED4 /* SceneDelegate.swift in Sources */ = {isa = PBXBuildFile; fileRef = F93FAFB729A26E2600786ED4 /* SceneDelegate.swift */; };
		F93FAFBA29A26E2600786ED4 /* ViewController.swift in Sources */ = {isa = PBXBuildFile; fileRef = F93FAFB929A26E2600786ED4 /* ViewController.swift */; };
		F93FAFBD29A26E2600786ED4 /* Main.storyboard in Resources */ = {isa = PBXBuildFile; fileRef = F93FAFBB29A26E2600786ED4 /* Main.storyboard */; };
		F93FAFBF29A26E2600786ED4 /* Assets.xcassets in Resources */ = {isa = PBXBuildFile; fileRef = F93FAFBE29A26E2600786ED4 /* Assets.xcassets */; };
		F93FAFC229A26E2600786ED4 /* LaunchScreen.storyboard in Resources */ = {isa = PBXBuildFile; fileRef = F93FAFC029A26E2600786ED4 /* LaunchScreen.storyboard */; };
/* End PBXBuildFile section */

/* Begin PBXFileReference section */
		F93FAF9829A26E1400786ED4 /* MC Delivery.app */ = {isa = PBXFileReference; explicitFileType = wrapper.application; includeInIndex = 0; path = "MC Delivery.app"; sourceTree = BUILT_PRODUCTS_DIR; };
		F93FAF9B29A26E1400786ED4 /* AppDelegate.swift */ = {isa = PBXFileReference; lastKnownFileType = sourcecode.swift; path = AppDelegate.swift; sourceTree = "<group>"; };
		F93FAF9D29A26E1400786ED4 /* SceneDelegate.swift */ = {isa = PBXFileReference; lastKnownFileType = sourcecode.swift; path = SceneDelegate.swift; sourceTree = "<group>"; };
		F93FAF9F29A26E1400786ED4 /* ViewController.swift */ = {isa = PBXFileReference; lastKnownFileType = sourcecode.swift; path = ViewController.swift; sourceTree = "<group>"; };
		F93FAFA229A26E1400786ED4 /* Base */ = {isa = PBXFileReference; lastKnownFileType = file.storyboard; name = Base; path = Base.lproj/Main.storyboard; sourceTree = "<group>"; };
		F93FAFA429A26E1500786ED4 /* Assets.xcassets */ = {isa = PBXFileReference; lastKnownFileType = folder.assetcatalog; path = Assets.xcassets; sourceTree = "<group>"; };
		F93FAFA729A26E1500786ED4 /* Base */ = {isa = PBXFileReference; lastKnownFileType = file.storyboard; name = Base; path = Base.lproj/LaunchScreen.storyboard; sourceTree = "<group>"; };
		F93FAFA929A26E1500786ED4 /* Info.plist */ = {isa = PBXFileReference; lastKnownFileType = text.plist.xml; path = Info.plist; sourceTree = "<group>"; };
		F93FAFB329A26E2600786ED4 /* MC Delivery Carrier.app */ = {isa = PBXFileReference; explicitFileType = wrapper.application; includeInIndex = 0; path = "MC Delivery Carrier.app"; sourceTree = BUILT_PRODUCTS_DIR; };
		F93FAFB529A26E2600786ED4 /* AppDelegate.swift */ = {isa = PBXFileReference; lastKnownFileType = sourcecode.swift; path = AppDelegate.swift; sourceTree = "<group>"; };
		F93FAFB729A26E2600786ED4 /* SceneDelegate.swift */ = {isa = PBXFileReference; lastKnownFileType = sourcecode.swift; path = SceneDelegate.swift; sourceTree = "<group>"; };
		F93FAFB929A26E2600786ED4 /* ViewController.swift */ = {isa = PBXFileReference; lastKnownFileType = sourcecode.swift; path = ViewController.swift; sourceTree = "<group>"; };
		F93FAFBC29A26E2600786ED4 /* Base */ = {isa = PBXFileReference; lastKnownFileType = file.storyboard; name = Base; path = Base.lproj/Main.storyboard; sourceTree = "<group>"; };
		F93FAFBE29A26E2600786ED4 /* Assets.xcassets */ = {isa = PBXFileReference; lastKnownFileType = folder.assetcatalog; path = Assets.xcassets; sourceTree = "<group>"; };
		F93FAFC129A26E2600786ED4 /* Base */ = {isa = PBXFileReference; lastKnownFileType = file.storyboard; name = Base; path = Base.lproj/LaunchScreen.storyboard; sourceTree = "<group>"; };
		F93FAFC329A26E2600786ED4 /* Info.plist */ = {isa = PBXFileReference; lastKnownFileType = text.plist.xml; path = Info.plist; sourceTree = "<group>"; };
/* End PBXFileReference section */

/* Begin PBXFrameworksBuildPhase section */
		F93FAF9529A26E1400786ED4 /* Frameworks */ = {
			isa = PBXFrameworksBuildPhase;
			buildActionMask = 2147483647;
			files = (
			);
			runOnlyForDeploymentPostprocessing = 0;
		};
		F93FAFB029A26E2600786ED4 /* Frameworks */ = {
			isa = PBXFrameworksBuildPhase;
			buildActionMask = 2147483647;
			files = (
			);
			runOnlyForDeploymentPostprocessing = 0;
		};
/* End PBXFrameworksBuildPhase section */

/* Begin PBXGroup section */
		F93FAF8F29A26E1400786ED4 = {
			isa = PBXGroup;
			children = (
				F93FAF9A29A26E1400786ED4 /* MC Delivery */,
				F93FAFB429A26E2600786ED4 /* MC Delivery Carrier */,
				F93FAF9929A26E1400786ED4 /* Products */,
			);
			sourceTree = "<group>";
		};
		F93FAF9929A26E1400786ED4 /* Products */ = {
			isa = PBXGroup;
			children = (
				F93FAF9829A26E1400786ED4 /* MC Delivery.app */,
				F93FAFB329A26E2600786ED4 /* MC Delivery Carrier.app */,
			);
			name = Products;
			sourceTree = "<group>";
		};
		F93FAF9A29A26E1400786ED4 /* MC Delivery */ = {
			isa = PBXGroup;
			children = (
				F93FAF9B29A26E1400786ED4 /* AppDelegate.swift */,
				F93FAF9D29A26E1400786ED4 /* SceneDelegate.swift */,
				F93FAF9F29A26E1400786ED4 /* ViewController.swift */,
				F93FAFA129A26E1400786ED4 /* Main.storyboard */,
				F93FAFA429A26E1500786ED4 /* Assets.xcassets */,
				F93FAFA629A26E1500786ED4 /* LaunchScreen.storyboard */,
				F93FAFA929A26E1500786ED4 /* Info.plist */,
			);
			path = "MC Delivery";
			sourceTree = "<group>";
		};
		F93FAFB429A26E2600786ED4 /* MC Delivery Carrier */ = {
			isa = PBXGroup;
			children = (
				F93FAFB529A26E2600786ED4 /* AppDelegate.swift */,
				F93FAFB729A26E2600786ED4 /* SceneDelegate.swift */,
				F93FAFB929A26E2600786ED4 /* ViewController.swift */,
				F93FAFBB29A26E2600786ED4 /* Main.storyboard */,
				F93FAFBE29A26E2600786ED4 /* Assets.xcassets */,
				F93FAFC029A26E2600786ED4 /* LaunchScreen.storyboard */,
				F93FAFC329A26E2600786ED4 /* Info.plist */,
			);
			path = "MC Delivery Carrier";
			sourceTree = "<group>";
		};
/* End PBXGroup section */

/* Begin PBXNativeTarget section */
		F93FAF9729A26E1400786ED4 /* MC Delivery */ = {
			isa = PBXNativeTarget;
			buildConfigurationList = F93FAFAC29A26E1500786ED4 /* Build configuration list for PBXNativeTarget "MC Delivery" */;
			buildPhases = (
				F93FAF9429A26E1400786ED4 /* Sources */,
				F93FAF9529A26E1400786ED4 /* Frameworks */,
				F93FAF9629A26E1400786ED4 /* Resources */,
			);
			buildRules = (
			);
			dependencies = (
			);
			name = "MC Delivery";
			productName = "MC Delivery";
			productReference = F93FAF9829A26E1400786ED4 /* MC Delivery.app */;
			productType = "com.apple.product-type.application";
		};
		F93FAFB229A26E2600786ED4 /* MC Delivery Carrier */ = {
			isa = PBXNativeTarget;
			buildConfigurationList = F93FAFC429A26E2600786ED4 /* Build configuration list for PBXNativeTarget "MC Delivery Carrier" */;
			buildPhases = (
				F93FAFAF29A26E2600786ED4 /* Sources */,
				F93FAFB029A26E2600786ED4 /* Frameworks */,
				F93FAFB129A26E2600786ED4 /* Resources */,
			);
			buildRules = (
			);
			dependencies = (
			);
			name = "MC Delivery Carrier";
			productName = "MC Delivery Carrier";
			productReference = F93FAFB329A26E2600786ED4 /* MC Delivery Carrier.app */;
			productType = "com.apple.product-type.application";
		};
/* End PBXNativeTarget section */

/* Begin PBXProject section */
		F93FAF9029A26E1400786ED4 /* Project object */ = {
			isa = PBXProject;
			attributes = {
				BuildIndependentTargetsInParallel = 1;
				LastSwiftUpdateCheck = 1420;
				LastUpgradeCheck = 1420;
				TargetAttributes = {
					F93FAF9729A26E1400786ED4 = {
						CreatedOnToolsVersion = 14.2;
					};
					F93FAFB229A26E2600786ED4 = {
						CreatedOnToolsVersion = 14.2;
					};
				};
			};
			buildConfigurationList = F93FAF9329A26E1400786ED4 /* Build configuration list for PBXProject "MC Delivery" */;
			compatibilityVersion = "Xcode 14.0";
			developmentRegion = en;
			hasScannedForEncodings = 0;
			knownRegions = (
				en,
				Base,
			);
			mainGroup = F93FAF8F29A26E1400786ED4;
			productRefGroup = F93FAF9929A26E1400786ED4 /* Products */;
			projectDirPath = "";
			projectRoot = "";
			targets = (
				F93FAF9729A26E1400786ED4 /* MC Delivery */,
				F93FAFB229A26E2600786ED4 /* MC Delivery Carrier */,
			);
		};
/* End PBXProject section */

/* Begin PBXResourcesBuildPhase section */
		F93FAF9629A26E1400786ED4 /* Resources */ = {
			isa = PBXResourcesBuildPhase;
			buildActionMask = 2147483647;
			files = (
				F93FAFA829A26E1500786ED4 /* LaunchScreen.storyboard in Resources */,
				F93FAFA529A26E1500786ED4 /* Assets.xcassets in Resources */,
				F93FAFA329A26E1400786ED4 /* Main.storyboard in Resources */,
			);
			runOnlyForDeploymentPostprocessing = 0;
		};
		F93FAFB129A26E2600786ED4 /* Resources */ = {
			isa = PBXResourcesBuildPhase;
			buildActionMask = 2147483647;
			files = (
				F93FAFC229A26E2600786ED4 /* LaunchScreen.storyboard in Resources */,
				F93FAFBF29A26E2600786ED4 /* Assets.xcassets in Resources */,
				F93FAFBD29A26E2600786ED4 /* Main.storyboard in Resources */,
			);
			runOnlyForDeploymentPostprocessing = 0;
		};
/* End PBXResourcesBuildPhase section */

/* Begin PBXSourcesBuildPhase section */
		F93FAF9429A26E1400786ED4 /* Sources */ = {
			isa = PBXSourcesBuildPhase;
			buildActionMask = 2147483647;
			files = (
				F93FAFA029A26E1400786ED4 /* ViewController.swift in Sources */,
				F93FAF9C29A26E1400786ED4 /* AppDelegate.swift in Sources */,
				F93FAF9E29A26E1400786ED4 /* SceneDelegate.swift in Sources */,
			);
			runOnlyForDeploymentPostprocessing = 0;
		};
		F93FAFAF29A26E2600786ED4 /* Sources */ = {
			isa = PBXSourcesBuildPhase;
			buildActionMask = 2147483647;
			files = (
				F93FAFBA29A26E2600786ED4 /* ViewController.swift in Sources */,
				F93FAFB629A26E2600786ED4 /* AppDelegate.swift in Sources */,
				F93FAFB829A26E2600786ED4 /* SceneDelegate.swift in Sources */,
			);
			runOnlyForDeploymentPostprocessing = 0;
		};
/* End PBXSourcesBuildPhase section */

/* Begin PBXVariantGroup section */
		F93FAFA129A26E1400786ED4 /* Main.storyboard */ = {
			isa = PBXVariantGroup;
			children = (
				F93FAFA229A26E1400786ED4 /* Base */,
			);
			name = Main.storyboard;
			sourceTree = "<group>";
		};
		F93FAFA629A26E1500786ED4 /* LaunchScreen.storyboard */ = {
			isa = PBXVariantGroup;
			children = (
				F93FAFA729A26E1500786ED4 /* Base */,
			);
			name = LaunchScreen.storyboard;
			sourceTree = "<group>";
		};
		F93FAFBB29A26E2600786ED4 /* Main.storyboard */ = {
			isa = PBXVariantGroup;
			children = (
				F93FAFBC29A26E2600786ED4 /* Base */,
			);
			name = Main.storyboard;
			sourceTree = "<group>";
		};
		F93FAFC029A26E2600786ED4 /* LaunchScreen.storyboard */ = {
			isa = PBXVariantGroup;
			children = (
				F93FAFC129A26E2600786ED4 /* Base */,
			);
			name = LaunchScreen.storyboard;
			sourceTree = "<group>";
		};
/* End PBXVariantGroup section */

/* Begin XCBuildConfiguration section */
		F93FAFAA29A26E1500786ED4 /* Debug */ = {
			isa = XCBuildConfiguration;
			buildSettings = {
				ALWAYS_SEARCH_USER_PATHS = NO;
				CLANG_ANALYZER_NONNULL = YES;
				CLANG_ANALYZER_NUMBER_OBJECT_CONVERSION = YES_AGGRESSIVE;
				CLANG_CXX_LANGUAGE_STANDARD = "gnu++20";
				CLANG_ENABLE_MODULES = YES;
				CLANG_ENABLE_OBJC_ARC = YES;
				CLANG_ENABLE_OBJC_WEAK = YES;
				CLANG_WARN_BLOCK_CAPTURE_AUTORELEASING = YES;
				CLANG_WARN_BOOL_CONVERSION = YES;
				CLANG_WARN_COMMA = YES;
				CLANG_WARN_CONSTANT_CONVERSION = YES;
				CLANG_WARN_DEPRECATED_OBJC_IMPLEMENTATIONS = YES;
				CLANG_WARN_DIRECT_OBJC_ISA_USAGE = YES_ERROR;
				CLANG_WARN_DOCUMENTATION_COMMENTS = YES;
				CLANG_WARN_EMPTY_BODY = YES;
				CLANG_WARN_ENUM_CONVERSION = YES;
				CLANG_WARN_INFINITE_RECURSION = YES;
				CLANG_WARN_INT_CONVERSION = YES;
				CLANG_WARN_NON_LITERAL_NULL_CONVERSION = YES;
				CLANG_WARN_OBJC_IMPLICIT_RETAIN_SELF = YES;
				CLANG_WARN_OBJC_LITERAL_CONVERSION = YES;
				CLANG_WARN_OBJC_ROOT_CLASS = YES_ERROR;
				CLANG_WARN_QUOTED_INCLUDE_IN_FRAMEWORK_HEADER = YES;
				CLANG_WARN_RANGE_LOOP_ANALYSIS = YES;
				CLANG_WARN_STRICT_PROTOTYPES = YES;
				CLANG_WARN_SUSPICIOUS_MOVE = YES;
				CLANG_WARN_UNGUARDED_AVAILABILITY = YES_AGGRESSIVE;
				CLANG_WARN_UNREACHABLE_CODE = YES;
				CLANG_WARN__DUPLICATE_METHOD_MATCH = YES;
				COPY_PHASE_STRIP = NO;
				DEBUG_INFORMATION_FORMAT = dwarf;
				ENABLE_STRICT_OBJC_MSGSEND = YES;
				ENABLE_TESTABILITY = YES;
				GCC_C_LANGUAGE_STANDARD = gnu11;
				GCC_DYNAMIC_NO_PIC = NO;
				GCC_NO_COMMON_BLOCKS = YES;
				GCC_OPTIMIZATION_LEVEL = 0;
				GCC_PREPROCESSOR_DEFINITIONS = (
					"DEBUG=1",
					"$(inherited)",
				);
				GCC_WARN_64_TO_32_BIT_CONVERSION = YES;
				GCC_WARN_ABOUT_RETURN_TYPE = YES_ERROR;
				GCC_WARN_UNDECLARED_SELECTOR = YES;
				GCC_WARN_UNINITIALIZED_AUTOS = YES_AGGRESSIVE;
				GCC_WARN_UNUSED_FUNCTION = YES;
				GCC_WARN_UNUSED_VARIABLE = YES;
				IPHONEOS_DEPLOYMENT_TARGET = 16.2;
				MTL_ENABLE_DEBUG_INFO = INCLUDE_SOURCE;
				MTL_FAST_MATH = YES;
				ONLY_ACTIVE_ARCH = YES;
				SDKROOT = iphoneos;
				SWIFT_ACTIVE_COMPILATION_CONDITIONS = DEBUG;
				SWIFT_OPTIMIZATION_LEVEL = "-Onone";
			};
			name = Debug;
		};
		F93FAFAB29A26E1500786ED4 /* Release */ = {
			isa = XCBuildConfiguration;
			buildSettings = {
				ALWAYS_SEARCH_USER_PATHS = NO;
				CLANG_ANALYZER_NONNULL = YES;
				CLANG_ANALYZER_NUMBER_OBJECT_CONVERSION = YES_AGGRESSIVE;
				CLANG_CXX_LANGUAGE_STANDARD = "gnu++20";
				CLANG_ENABLE_MODULES = YES;
				CLANG_ENABLE_OBJC_ARC = YES;
				CLANG_ENABLE_OBJC_WEAK = YES;
				CLANG_WARN_BLOCK_CAPTURE_AUTORELEASING = YES;
				CLANG_WARN_BOOL_CONVERSION = YES;
				CLANG_WARN_COMMA = YES;
				CLANG_WARN_CONSTANT_CONVERSION = YES;
				CLANG_WARN_DEPRECATED_OBJC_IMPLEMENTATIONS = YES;
				CLANG_WARN_DIRECT_OBJC_ISA_USAGE = YES_ERROR;
				CLANG_WARN_DOCUMENTATION_COMMENTS = YES;
				CLANG_WARN_EMPTY_BODY = YES;
				CLANG_WARN_ENUM_CONVERSION = YES;
				CLANG_WARN_INFINITE_RECURSION = YES;
				CLANG_WARN_INT_CONVERSION = YES;
				CLANG_WARN_NON_LITERAL_NULL_CONVERSION = YES;
				CLANG_WARN_OBJC_IMPLICIT_RETAIN_SELF = YES;
				CLANG_WARN_OBJC_LITERAL_CONVERSION = YES;
				CLANG_WARN_OBJC_ROOT_CLASS = YES_ERROR;
				CLANG_WARN_QUOTED_INCLUDE_IN_FRAMEWORK_HEADER = YES;
				CLANG_WARN_RANGE_LOOP_ANALYSIS = YES;
				CLANG_WARN_STRICT_PROTOTYPES = YES;
				CLANG_WARN_SUSPICIOUS_MOVE = YES;
				CLANG_WARN_UNGUARDED_AVAILABILITY = YES_AGGRESSIVE;
				CLANG_WARN_UNREACHABLE_CODE = YES;
				CLANG_WARN__DUPLICATE_METHOD_MATCH = YES;
				COPY_PHASE_STRIP = NO;
				DEBUG_INFORMATION_FORMAT = "dwarf-with-dsym";
				ENABLE_NS_ASSERTIONS = NO;
				ENABLE_STRICT_OBJC_MSGSEND = YES;
				GCC_C_LANGUAGE_STANDARD = gnu11;
				GCC_NO_COMMON_BLOCKS = YES;
				GCC_WARN_64_TO_32_BIT_CONVERSION = YES;
				GCC_WARN_ABOUT_RETURN_TYPE = YES_ERROR;
				GCC_WARN_UNDECLARED_SELECTOR = YES;
				GCC_WARN_UNINITIALIZED_AUTOS = YES_AGGRESSIVE;
				GCC_WARN_UNUSED_FUNCTION = YES;
				GCC_WARN_UNUSED_VARIABLE = YES;
				IPHONEOS_DEPLOYMENT_TARGET = 16.2;
				MTL_ENABLE_DEBUG_INFO = NO;
				MTL_FAST_MATH = YES;
				SDKROOT = iphoneos;
				SWIFT_COMPILATION_MODE = wholemodule;
				SWIFT_OPTIMIZATION_LEVEL = "-O";
				VALIDATE_PRODUCT = YES;
			};
			name = Release;
		};
		F93FAFAD29A26E1500786ED4 /* Debug */ = {
			isa = XCBuildConfiguration;
			buildSettings = {
				ASSETCATALOG_COMPILER_APPICON_NAME = AppIcon;
				ASSETCATALOG_COMPILER_GLOBAL_ACCENT_COLOR_NAME = AccentColor;
				CODE_SIGN_STYLE = Automatic;
				CURRENT_PROJECT_VERSION = 1;
				DEVELOPMENT_TEAM = 7N24P583L5;
				GENERATE_INFOPLIST_FILE = YES;
				INFOPLIST_FILE = "MC Delivery/Info.plist";
				INFOPLIST_KEY_UIApplicationSupportsIndirectInputEvents = YES;
				INFOPLIST_KEY_UILaunchStoryboardName = LaunchScreen;
				INFOPLIST_KEY_UIMainStoryboardFile = Main;
				INFOPLIST_KEY_UISupportedInterfaceOrientations_iPad = "UIInterfaceOrientationPortrait UIInterfaceOrientationPortraitUpsideDown UIInterfaceOrientationLandscapeLeft UIInterfaceOrientationLandscapeRight";
				INFOPLIST_KEY_UISupportedInterfaceOrientations_iPhone = "UIInterfaceOrientationPortrait UIInterfaceOrientationLandscapeLeft UIInterfaceOrientationLandscapeRight";
				LD_RUNPATH_SEARCH_PATHS = (
					"$(inherited)",
					"@executable_path/Frameworks",
				);
				MARKETING_VERSION = 1.0;
				PRODUCT_BUNDLE_IDENTIFIER = "com.linthit.MC-Delivery";
				PRODUCT_NAME = "$(TARGET_NAME)";
				SWIFT_EMIT_LOC_STRINGS = YES;
				SWIFT_VERSION = 5.0;
				TARGETED_DEVICE_FAMILY = "1,2";
			};
			name = Debug;
		};
		F93FAFAE29A26E1500786ED4 /* Release */ = {
			isa = XCBuildConfiguration;
			buildSettings = {
				ASSETCATALOG_COMPILER_APPICON_NAME = AppIcon;
				ASSETCATALOG_COMPILER_GLOBAL_ACCENT_COLOR_NAME = AccentColor;
				CODE_SIGN_STYLE = Automatic;
				CURRENT_PROJECT_VERSION = 1;
				DEVELOPMENT_TEAM = 7N24P583L5;
				GENERATE_INFOPLIST_FILE = YES;
				INFOPLIST_FILE = "MC Delivery/Info.plist";
				INFOPLIST_KEY_UIApplicationSupportsIndirectInputEvents = YES;
				INFOPLIST_KEY_UILaunchStoryboardName = LaunchScreen;
				INFOPLIST_KEY_UIMainStoryboardFile = Main;
				INFOPLIST_KEY_UISupportedInterfaceOrientations_iPad = "UIInterfaceOrientationPortrait UIInterfaceOrientationPortraitUpsideDown UIInterfaceOrientationLandscapeLeft UIInterfaceOrientationLandscapeRight";
				INFOPLIST_KEY_UISupportedInterfaceOrientations_iPhone = "UIInterfaceOrientationPortrait UIInterfaceOrientationLandscapeLeft UIInterfaceOrientationLandscapeRight";
				LD_RUNPATH_SEARCH_PATHS = (
					"$(inherited)",
					"@executable_path/Frameworks",
				);
				MARKETING_VERSION = 1.0;
				PRODUCT_BUNDLE_IDENTIFIER = "com.linthit.MC-Delivery";
				PRODUCT_NAME = "$(TARGET_NAME)";
				SWIFT_EMIT_LOC_STRINGS = YES;
				SWIFT_VERSION = 5.0;
				TARGETED_DEVICE_FAMILY = "1,2";
			};
			name = Release;
		};
		F93FAFC529A26E2600786ED4 /* Debug */ = {
			isa = XCBuildConfiguration;
			buildSettings = {
				ASSETCATALOG_COMPILER_APPICON_NAME = AppIcon;
				ASSETCATALOG_COMPILER_GLOBAL_ACCENT_COLOR_NAME = AccentColor;
				CODE_SIGN_STYLE = Automatic;
				CURRENT_PROJECT_VERSION = 1;
				DEVELOPMENT_TEAM = 7N24P583L5;
				GENERATE_INFOPLIST_FILE = YES;
				INFOPLIST_FILE = "MC Delivery Carrier/Info.plist";
				INFOPLIST_KEY_UIApplicationSupportsIndirectInputEvents = YES;
				INFOPLIST_KEY_UILaunchStoryboardName = LaunchScreen;
				INFOPLIST_KEY_UIMainStoryboardFile = Main;
				INFOPLIST_KEY_UISupportedInterfaceOrientations_iPad = "UIInterfaceOrientationPortrait UIInterfaceOrientationPortraitUpsideDown UIInterfaceOrientationLandscapeLeft UIInterfaceOrientationLandscapeRight";
				INFOPLIST_KEY_UISupportedInterfaceOrientations_iPhone = "UIInterfaceOrientationPortrait UIInterfaceOrientationLandscapeLeft UIInterfaceOrientationLandscapeRight";
				LD_RUNPATH_SEARCH_PATHS = (
					"$(inherited)",
					"@executable_path/Frameworks",
				);
				MARKETING_VERSION = 1.0;
				PRODUCT_BUNDLE_IDENTIFIER = "com.linthit.MC-Delivery-Carrier";
				PRODUCT_NAME = "$(TARGET_NAME)";
				SWIFT_EMIT_LOC_STRINGS = YES;
				SWIFT_VERSION = 5.0;
				TARGETED_DEVICE_FAMILY = "1,2";
			};
			name = Debug;
		};
		F93FAFC629A26E2600786ED4 /* Release */ = {
			isa = XCBuildConfiguration;
			buildSettings = {
				ASSETCATALOG_COMPILER_APPICON_NAME = AppIcon;
				ASSETCATALOG_COMPILER_GLOBAL_ACCENT_COLOR_NAME = AccentColor;
				CODE_SIGN_STYLE = Automatic;
				CURRENT_PROJECT_VERSION = 1;
				DEVELOPMENT_TEAM = 7N24P583L5;
				GENERATE_INFOPLIST_FILE = YES;
				INFOPLIST_FILE = "MC Delivery Carrier/Info.plist";
				INFOPLIST_KEY_UIApplicationSupportsIndirectInputEvents = YES;
				INFOPLIST_KEY_UILaunchStoryboardName = LaunchScreen;
				INFOPLIST_KEY_UIMainStoryboardFile = Main;
				INFOPLIST_KEY_UISupportedInterfaceOrientations_iPad = "UIInterfaceOrientationPortrait UIInterfaceOrientationPortraitUpsideDown UIInterfaceOrientationLandscapeLeft UIInterfaceOrientationLandscapeRight";
				INFOPLIST_KEY_UISupportedInterfaceOrientations_iPhone = "UIInterfaceOrientationPortrait UIInterfaceOrientationLandscapeLeft UIInterfaceOrientationLandscapeRight";
				LD_RUNPATH_SEARCH_PATHS = (
					"$(inherited)",
					"@executable_path/Frameworks",
				);
				MARKETING_VERSION = 1.0;
				PRODUCT_BUNDLE_IDENTIFIER = "com.linthit.MC-Delivery-Carrier";
				PRODUCT_NAME = "$(TARGET_NAME)";
				SWIFT_EMIT_LOC_STRINGS = YES;
				SWIFT_VERSION = 5.0;
				TARGETED_DEVICE_FAMILY = "1,2";
			};
			name = Release;
		};
/* End XCBuildConfiguration section */

/* Begin XCConfigurationList section */
		F93FAF9329A26E1400786ED4 /* Build configuration list for PBXProject "MC Delivery" */ = {
			isa = XCConfigurationList;
			buildConfigurations = (
				F93FAFAA29A26E1500786ED4 /* Debug */,
				F93FAFAB29A26E1500786ED4 /* Release */,
			);
			defaultConfigurationIsVisible = 0;
			defaultConfigurationName = Release;
		};
		F93FAFAC29A26E1500786ED4 /* Build configuration list for PBXNativeTarget "MC Delivery" */ = {
			isa = XCConfigurationList;
			buildConfigurations = (
				F93FAFAD29A26E1500786ED4 /* Debug */,
				F93FAFAE29A26E1500786ED4 /* Release */,
			);
			defaultConfigurationIsVisible = 0;
			defaultConfigurationName = Release;
		};
		F93FAFC429A26E2600786ED4 /* Build configuration list for PBXNativeTarget "MC Delivery Carrier" */ = {
			isa = XCConfigurationList;
			buildConfigurations = (
				F93FAFC529A26E2600786ED4 /* Debug */,
				F93FAFC629A26E2600786ED4 /* Release */,
			);
			defaultConfigurationIsVisible = 0;
			defaultConfigurationName = Release;
		};
/* End XCConfigurationList section */
	};
	rootObject = F93FAF9029A26E1400786ED4 /* Project object */;
}
