// !$*UTF8*$!
{
	archiveVersion = 1;
	classes = {
	};
	objectVersion = 56;
	objects = {

/* Begin PBXBuildFile section */
		0A871279AE9160D0C35ACFA1 /* Pods_MC_Delivery.framework in Frameworks */ = {isa = PBXBuildFile; fileRef = 7C9C1E602AA88B4385238787 /* Pods_MC_Delivery.framework */; };
		4048E5A52CB647CA31529E8E /* Pods_MC_Delivery_Carrier.framework in Frameworks */ = {isa = PBXBuildFile; fileRef = 368835D84D79D47DED9006A8 /* Pods_MC_Delivery_Carrier.framework */; };
		F900949129B6EA840031A016 /* NotificationEnum.swift in Sources */ = {isa = PBXBuildFile; fileRef = F900949029B6EA840031A016 /* NotificationEnum.swift */; };
		F900949429B6FB740031A016 /* ShoppingCartLogic.swift in Sources */ = {isa = PBXBuildFile; fileRef = F900949329B6FB740031A016 /* ShoppingCartLogic.swift */; };
		F900949629B725740031A016 /* OrderRequest.swift in Sources */ = {isa = PBXBuildFile; fileRef = F900949529B725740031A016 /* OrderRequest.swift */; };
		F900949829B735A20031A016 /* Order.swift in Sources */ = {isa = PBXBuildFile; fileRef = F900949729B735A20031A016 /* Order.swift */; };
		F91A475129B84C61005C2E93 /* LocationViewController.swift in Sources */ = {isa = PBXBuildFile; fileRef = F91A474F29B84C61005C2E93 /* LocationViewController.swift */; };
		F91A475229B84C61005C2E93 /* LocationViewController.xib in Resources */ = {isa = PBXBuildFile; fileRef = F91A475029B84C61005C2E93 /* LocationViewController.xib */; };
		F91A475529B87750005C2E93 /* OrderViewController.swift in Sources */ = {isa = PBXBuildFile; fileRef = F91A475329B87750005C2E93 /* OrderViewController.swift */; };
		F91A475629B87750005C2E93 /* OrderViewController.xib in Resources */ = {isa = PBXBuildFile; fileRef = F91A475429B87750005C2E93 /* OrderViewController.xib */; };
		F91F71E329B59298002EF3E6 /* MedicineTableViewCell.swift in Sources */ = {isa = PBXBuildFile; fileRef = F91F71E129B59298002EF3E6 /* MedicineTableViewCell.swift */; };
		F91F71E429B59298002EF3E6 /* MedicineTableViewCell.xib in Resources */ = {isa = PBXBuildFile; fileRef = F91F71E229B59298002EF3E6 /* MedicineTableViewCell.xib */; };
		F91F71EA29B5A44C002EF3E6 /* MC_Delivery.xcdatamodeld in Sources */ = {isa = PBXBuildFile; fileRef = F91F71E829B5A44C002EF3E6 /* MC_Delivery.xcdatamodeld */; };
		F91F71EC29B5ACFC002EF3E6 /* CoreDataManager.swift in Sources */ = {isa = PBXBuildFile; fileRef = F91F71EB29B5ACFC002EF3E6 /* CoreDataManager.swift */; };
		F91F71F829B5CB8A002EF3E6 /* ShoppingCart.swift in Sources */ = {isa = PBXBuildFile; fileRef = F91F71F729B5CB8A002EF3E6 /* ShoppingCart.swift */; };
		F92616C729C2D6610003B874 /* VideoCallViewController+CallDuration.swift in Sources */ = {isa = PBXBuildFile; fileRef = F92616C629C2D6610003B874 /* VideoCallViewController+CallDuration.swift */; };
		F92616C829C2D6610003B874 /* VideoCallViewController+CallDuration.swift in Sources */ = {isa = PBXBuildFile; fileRef = F92616C629C2D6610003B874 /* VideoCallViewController+CallDuration.swift */; };
		F932AE8229A5BAEC00DFB859 /* MedicineDetailViewController.swift in Sources */ = {isa = PBXBuildFile; fileRef = F932AE8029A5BAEC00DFB859 /* MedicineDetailViewController.swift */; };
		F932AE8329A5BAEC00DFB859 /* MedicineDetailViewController.xib in Resources */ = {isa = PBXBuildFile; fileRef = F932AE8129A5BAEC00DFB859 /* MedicineDetailViewController.xib */; };
		F932AE8629A5C7DC00DFB859 /* MedicineDetailTableViewCell.swift in Sources */ = {isa = PBXBuildFile; fileRef = F932AE8429A5C7DC00DFB859 /* MedicineDetailTableViewCell.swift */; };
		F932AE8729A5C7DC00DFB859 /* MedicineDetailTableViewCell.xib in Resources */ = {isa = PBXBuildFile; fileRef = F932AE8529A5C7DC00DFB859 /* MedicineDetailTableViewCell.xib */; };
		F932AE8A29A6559100DFB859 /* LoginViewController.swift in Sources */ = {isa = PBXBuildFile; fileRef = F932AE8829A6559100DFB859 /* LoginViewController.swift */; };
		F932AE8B29A6559100DFB859 /* LoginViewController.xib in Resources */ = {isa = PBXBuildFile; fileRef = F932AE8929A6559100DFB859 /* LoginViewController.xib */; };
		F932AE8D29A65E0700DFB859 /* AuthRequest.swift in Sources */ = {isa = PBXBuildFile; fileRef = F932AE8C29A65E0700DFB859 /* AuthRequest.swift */; };
		F932AE8F29A6621400DFB859 /* Auth.swift in Sources */ = {isa = PBXBuildFile; fileRef = F932AE8E29A6621400DFB859 /* Auth.swift */; };
		F932AE9129A6705700DFB859 /* UserRequest.swift in Sources */ = {isa = PBXBuildFile; fileRef = F932AE9029A6705700DFB859 /* UserRequest.swift */; };
		F932AE9329A6756C00DFB859 /* User.swift in Sources */ = {isa = PBXBuildFile; fileRef = F932AE9229A6756C00DFB859 /* User.swift */; };
		F932AE9829A70F7900DFB859 /* CarrierViewController.swift in Sources */ = {isa = PBXBuildFile; fileRef = F932AE9629A70F7900DFB859 /* CarrierViewController.swift */; };
		F932AE9929A70F7900DFB859 /* CarrierViewController.xib in Resources */ = {isa = PBXBuildFile; fileRef = F932AE9729A70F7900DFB859 /* CarrierViewController.xib */; };
		F932AE9B29A747E800DFB859 /* CreateOrJoinRoomRequest.swift in Sources */ = {isa = PBXBuildFile; fileRef = F932AE9A29A747E800DFB859 /* CreateOrJoinRoomRequest.swift */; };
		F932AE9D29A74B8C00DFB859 /* Room.swift in Sources */ = {isa = PBXBuildFile; fileRef = F932AE9C29A74B8C00DFB859 /* Room.swift */; };
		F93FAF9C29A26E1400786ED4 /* AppDelegate.swift in Sources */ = {isa = PBXBuildFile; fileRef = F93FAF9B29A26E1400786ED4 /* AppDelegate.swift */; };
		F93FAF9E29A26E1400786ED4 /* SceneDelegate.swift in Sources */ = {isa = PBXBuildFile; fileRef = F93FAF9D29A26E1400786ED4 /* SceneDelegate.swift */; };
		F93FAFA529A26E1500786ED4 /* Assets.xcassets in Resources */ = {isa = PBXBuildFile; fileRef = F93FAFA429A26E1500786ED4 /* Assets.xcassets */; };
		F93FAFA829A26E1500786ED4 /* LaunchScreen.storyboard in Resources */ = {isa = PBXBuildFile; fileRef = F93FAFA629A26E1500786ED4 /* LaunchScreen.storyboard */; };
		F93FAFB629A26E2600786ED4 /* AppDelegate.swift in Sources */ = {isa = PBXBuildFile; fileRef = F93FAFB529A26E2600786ED4 /* AppDelegate.swift */; };
		F93FAFB829A26E2600786ED4 /* SceneDelegate.swift in Sources */ = {isa = PBXBuildFile; fileRef = F93FAFB729A26E2600786ED4 /* SceneDelegate.swift */; };
		F93FAFBF29A26E2600786ED4 /* Assets.xcassets in Resources */ = {isa = PBXBuildFile; fileRef = F93FAFBE29A26E2600786ED4 /* Assets.xcassets */; };
		F93FAFC229A26E2600786ED4 /* LaunchScreen.storyboard in Resources */ = {isa = PBXBuildFile; fileRef = F93FAFC029A26E2600786ED4 /* LaunchScreen.storyboard */; };
		F9516FE329B9901F00BA447C /* OrderTableViewCell.swift in Sources */ = {isa = PBXBuildFile; fileRef = F9516FE129B9901F00BA447C /* OrderTableViewCell.swift */; };
		F9516FE429B9901F00BA447C /* OrderTableViewCell.xib in Resources */ = {isa = PBXBuildFile; fileRef = F9516FE229B9901F00BA447C /* OrderTableViewCell.xib */; };
		F9516FE629B9C54100BA447C /* OrderHistoryLogic.swift in Sources */ = {isa = PBXBuildFile; fileRef = F9516FE529B9C54100BA447C /* OrderHistoryLogic.swift */; };
		F975A81729A86229006EE0E7 /* ProfileViewController.swift in Sources */ = {isa = PBXBuildFile; fileRef = F975A81529A86229006EE0E7 /* ProfileViewController.swift */; };
		F975A81829A86229006EE0E7 /* ProfileViewController.xib in Resources */ = {isa = PBXBuildFile; fileRef = F975A81629A86229006EE0E7 /* ProfileViewController.xib */; };
		F975A81A29A86A21006EE0E7 /* CredentialsStore.swift in Sources */ = {isa = PBXBuildFile; fileRef = F975A81929A86A21006EE0E7 /* CredentialsStore.swift */; };
		F975A81C29A87965006EE0E7 /* SocketHandler.swift in Sources */ = {isa = PBXBuildFile; fileRef = F975A81B29A87965006EE0E7 /* SocketHandler.swift */; };
		F975A82029A9164B006EE0E7 /* CallManager.swift in Sources */ = {isa = PBXBuildFile; fileRef = F975A81F29A9164B006EE0E7 /* CallManager.swift */; };
		F975A82329AA055D006EE0E7 /* MenuViewController.swift in Sources */ = {isa = PBXBuildFile; fileRef = F975A82129AA055D006EE0E7 /* MenuViewController.swift */; };
		F975A82429AA055D006EE0E7 /* MenuViewController.xib in Resources */ = {isa = PBXBuildFile; fileRef = F975A82229AA055D006EE0E7 /* MenuViewController.xib */; };
		F975A82C29AA0A26006EE0E7 /* LoginViewController.swift in Sources */ = {isa = PBXBuildFile; fileRef = F975A82A29AA0A26006EE0E7 /* LoginViewController.swift */; };
		F975A82D29AA0A26006EE0E7 /* LoginViewController.xib in Resources */ = {isa = PBXBuildFile; fileRef = F975A82B29AA0A26006EE0E7 /* LoginViewController.xib */; };
		F975A82F29AA2C46006EE0E7 /* Auth.swift in Sources */ = {isa = PBXBuildFile; fileRef = F932AE8E29A6621400DFB859 /* Auth.swift */; };
		F975A83229AA2E51006EE0E7 /* CredentialsStore.swift in Sources */ = {isa = PBXBuildFile; fileRef = F975A81929A86A21006EE0E7 /* CredentialsStore.swift */; };
		F975A83529AA3151006EE0E7 /* ProfileViewController.swift in Sources */ = {isa = PBXBuildFile; fileRef = F975A83329AA3151006EE0E7 /* ProfileViewController.swift */; };
		F975A83629AA3151006EE0E7 /* ProfileViewController.xib in Resources */ = {isa = PBXBuildFile; fileRef = F975A83429AA3151006EE0E7 /* ProfileViewController.xib */; };
		F975A83929AA3256006EE0E7 /* ClientViewController.swift in Sources */ = {isa = PBXBuildFile; fileRef = F975A83729AA3256006EE0E7 /* ClientViewController.swift */; };
		F975A83A29AA3256006EE0E7 /* ClientViewController.xib in Resources */ = {isa = PBXBuildFile; fileRef = F975A83829AA3256006EE0E7 /* ClientViewController.xib */; };
		F975A83B29AA32B0006EE0E7 /* User.swift in Sources */ = {isa = PBXBuildFile; fileRef = F932AE9229A6756C00DFB859 /* User.swift */; };
		F975A83C29AA355A006EE0E7 /* SocketHandler.swift in Sources */ = {isa = PBXBuildFile; fileRef = F975A81B29A87965006EE0E7 /* SocketHandler.swift */; };
		F975A83D29AA360A006EE0E7 /* CallManager.swift in Sources */ = {isa = PBXBuildFile; fileRef = F975A81F29A9164B006EE0E7 /* CallManager.swift */; };
		F975A83E29AA37FE006EE0E7 /* UserRequest.swift in Sources */ = {isa = PBXBuildFile; fileRef = F932AE9029A6705700DFB859 /* UserRequest.swift */; };
		F975A83F29AA3899006EE0E7 /* CreateOrJoinRoomRequest.swift in Sources */ = {isa = PBXBuildFile; fileRef = F932AE9A29A747E800DFB859 /* CreateOrJoinRoomRequest.swift */; };
		F975A84029AA38B3006EE0E7 /* Room.swift in Sources */ = {isa = PBXBuildFile; fileRef = F932AE9C29A74B8C00DFB859 /* Room.swift */; };
		F975A84329AA56B9006EE0E7 /* VideoCallViewController.swift in Sources */ = {isa = PBXBuildFile; fileRef = F975A84129AA56B9006EE0E7 /* VideoCallViewController.swift */; };
		F975A84429AA56B9006EE0E7 /* VideoCallViewController.xib in Resources */ = {isa = PBXBuildFile; fileRef = F975A84229AA56B9006EE0E7 /* VideoCallViewController.xib */; };
		F975A84529AB9BDF006EE0E7 /* VideoCallViewController.swift in Sources */ = {isa = PBXBuildFile; fileRef = F975A84129AA56B9006EE0E7 /* VideoCallViewController.swift */; };
		F975A84A29ABA94E006EE0E7 /* VideoCallViewController.xib in Resources */ = {isa = PBXBuildFile; fileRef = F975A84229AA56B9006EE0E7 /* VideoCallViewController.xib */; };
		F975A84C29AC9415006EE0E7 /* Settings.swift in Sources */ = {isa = PBXBuildFile; fileRef = F975A84B29AC9415006EE0E7 /* Settings.swift */; };
		F975A84D29AC9415006EE0E7 /* Settings.swift in Sources */ = {isa = PBXBuildFile; fileRef = F975A84B29AC9415006EE0E7 /* Settings.swift */; };
		F987C5DD29BEE313001A5B58 /* OngoingOrderViewController.swift in Sources */ = {isa = PBXBuildFile; fileRef = F987C5DB29BEE313001A5B58 /* OngoingOrderViewController.swift */; };
		F987C5DE29BEE313001A5B58 /* OngoingOrderViewController.xib in Resources */ = {isa = PBXBuildFile; fileRef = F987C5DC29BEE313001A5B58 /* OngoingOrderViewController.xib */; };
		F987C5EA29C05D27001A5B58 /* AuthRequest.swift in Sources */ = {isa = PBXBuildFile; fileRef = F987C5E629BF035F001A5B58 /* AuthRequest.swift */; };
		F995FC9729ADEC4E003E9C44 /* CalleeStore.swift in Sources */ = {isa = PBXBuildFile; fileRef = F995FC9629ADEC4E003E9C44 /* CalleeStore.swift */; };
		F995FC9829ADEC4E003E9C44 /* CalleeStore.swift in Sources */ = {isa = PBXBuildFile; fileRef = F995FC9629ADEC4E003E9C44 /* CalleeStore.swift */; };
		F9B478FA29B58D8D002817F8 /* ShoppingCartViewController.swift in Sources */ = {isa = PBXBuildFile; fileRef = F9B478F829B58D8D002817F8 /* ShoppingCartViewController.swift */; };
		F9B478FB29B58D8D002817F8 /* ShoppingCartViewController.xib in Resources */ = {isa = PBXBuildFile; fileRef = F9B478F929B58D8D002817F8 /* ShoppingCartViewController.xib */; };
		F9C6C6EE29BAD65800D41CE3 /* OrderDetailViewController.swift in Sources */ = {isa = PBXBuildFile; fileRef = F9C6C6EC29BAD65800D41CE3 /* OrderDetailViewController.swift */; };
		F9C6C6EF29BAD65800D41CE3 /* OrderDetailViewController.xib in Resources */ = {isa = PBXBuildFile; fileRef = F9C6C6ED29BAD65800D41CE3 /* OrderDetailViewController.xib */; };
		F9C6C6F229BAE70D00D41CE3 /* FirstOrderTableViewCell.swift in Sources */ = {isa = PBXBuildFile; fileRef = F9C6C6F029BAE70D00D41CE3 /* FirstOrderTableViewCell.swift */; };
		F9C6C6F329BAE70D00D41CE3 /* FirstOrderTableViewCell.xib in Resources */ = {isa = PBXBuildFile; fileRef = F9C6C6F129BAE70D00D41CE3 /* FirstOrderTableViewCell.xib */; };
		F9C6C6F629BAF1C300D41CE3 /* MedicineOrderTableViewCell.swift in Sources */ = {isa = PBXBuildFile; fileRef = F9C6C6F429BAF1C300D41CE3 /* MedicineOrderTableViewCell.swift */; };
		F9C6C6F729BAF1C300D41CE3 /* MedicineOrderTableViewCell.xib in Resources */ = {isa = PBXBuildFile; fileRef = F9C6C6F529BAF1C300D41CE3 /* MedicineOrderTableViewCell.xib */; };
		F9C6C6FA29BB0AA700D41CE3 /* OrderTotalBillTableViewCell.swift in Sources */ = {isa = PBXBuildFile; fileRef = F9C6C6F829BB0AA700D41CE3 /* OrderTotalBillTableViewCell.swift */; };
		F9C6C6FB29BB0AA700D41CE3 /* OrderTotalBillTableViewCell.xib in Resources */ = {isa = PBXBuildFile; fileRef = F9C6C6F929BB0AA700D41CE3 /* OrderTotalBillTableViewCell.xib */; };
		F9E4618F29A32FBE0050BF0F /* HomeViewController.swift in Sources */ = {isa = PBXBuildFile; fileRef = F9E4618D29A32FBE0050BF0F /* HomeViewController.swift */; };
		F9E4619129A32FBE0050BF0F /* HomeViewController.xib in Resources */ = {isa = PBXBuildFile; fileRef = F9E4618E29A32FBE0050BF0F /* HomeViewController.xib */; };
		F9E4619529A32FED0050BF0F /* HomeViewController.swift in Sources */ = {isa = PBXBuildFile; fileRef = F9E4619329A32FED0050BF0F /* HomeViewController.swift */; };
		F9E4619629A32FED0050BF0F /* HomeViewController.xib in Resources */ = {isa = PBXBuildFile; fileRef = F9E4619429A32FED0050BF0F /* HomeViewController.xib */; };
		F9E4619829A337300050BF0F /* CustomColor.swift in Sources */ = {isa = PBXBuildFile; fileRef = F9E4619729A337300050BF0F /* CustomColor.swift */; };
		F9E4619929A337300050BF0F /* CustomColor.swift in Sources */ = {isa = PBXBuildFile; fileRef = F9E4619729A337300050BF0F /* CustomColor.swift */; };
		F9E461A129A359460050BF0F /* CustomButton.swift in Sources */ = {isa = PBXBuildFile; fileRef = F9E461A029A359460050BF0F /* CustomButton.swift */; };
		F9E461A229A359460050BF0F /* CustomButton.swift in Sources */ = {isa = PBXBuildFile; fileRef = F9E461A029A359460050BF0F /* CustomButton.swift */; };
		F9E461A429A360F20050BF0F /* CustomNavigationBar.swift in Sources */ = {isa = PBXBuildFile; fileRef = F9E461A329A360F20050BF0F /* CustomNavigationBar.swift */; };
		F9E461A529A360F20050BF0F /* CustomNavigationBar.swift in Sources */ = {isa = PBXBuildFile; fileRef = F9E461A329A360F20050BF0F /* CustomNavigationBar.swift */; };
		F9E461AE29A3AED60050BF0F /* CustomLayout.swift in Sources */ = {isa = PBXBuildFile; fileRef = F9E461AD29A3AED60050BF0F /* CustomLayout.swift */; };
		F9E461AF29A3AED60050BF0F /* CustomLayout.swift in Sources */ = {isa = PBXBuildFile; fileRef = F9E461AD29A3AED60050BF0F /* CustomLayout.swift */; };
		F9E461B229A3B1160050BF0F /* MedicineCollectionViewCell.swift in Sources */ = {isa = PBXBuildFile; fileRef = F9E461B029A3B1160050BF0F /* MedicineCollectionViewCell.swift */; };
		F9E461B329A3B1160050BF0F /* MedicineCollectionViewCell.xib in Resources */ = {isa = PBXBuildFile; fileRef = F9E461B129A3B1160050BF0F /* MedicineCollectionViewCell.xib */; };
		F9E461BE29A3C3090050BF0F /* MenuViewController.swift in Sources */ = {isa = PBXBuildFile; fileRef = F9E461BC29A3C3090050BF0F /* MenuViewController.swift */; };
		F9E461BF29A3C3090050BF0F /* MenuViewController.xib in Resources */ = {isa = PBXBuildFile; fileRef = F9E461BD29A3C3090050BF0F /* MenuViewController.xib */; };
		F9F58CA429B5E72F00D3B904 /* Med+CoreDataClass.swift in Sources */ = {isa = PBXBuildFile; fileRef = F9F58CA229B5E72F00D3B904 /* Med+CoreDataClass.swift */; };
		F9F58CA529B5E72F00D3B904 /* Med+CoreDataProperties.swift in Sources */ = {isa = PBXBuildFile; fileRef = F9F58CA329B5E72F00D3B904 /* Med+CoreDataProperties.swift */; };
		F9FF20E629A4735D002E05A1 /* MedicinesRequest.swift in Sources */ = {isa = PBXBuildFile; fileRef = F9FF20E529A4735D002E05A1 /* MedicinesRequest.swift */; };
		F9FF20EB29A4CE02002E05A1 /* Medicine.swift in Sources */ = {isa = PBXBuildFile; fileRef = F9FF20EA29A4CE02002E05A1 /* Medicine.swift */; };
/* End PBXBuildFile section */

/* Begin PBXFileReference section */
		368835D84D79D47DED9006A8 /* Pods_MC_Delivery_Carrier.framework */ = {isa = PBXFileReference; explicitFileType = wrapper.framework; includeInIndex = 0; path = Pods_MC_Delivery_Carrier.framework; sourceTree = BUILT_PRODUCTS_DIR; };
		428391C23254F94CB82B7D85 /* Pods-MC Delivery Carrier.debug.xcconfig */ = {isa = PBXFileReference; includeInIndex = 1; lastKnownFileType = text.xcconfig; name = "Pods-MC Delivery Carrier.debug.xcconfig"; path = "Target Support Files/Pods-MC Delivery Carrier/Pods-MC Delivery Carrier.debug.xcconfig"; sourceTree = "<group>"; };
		7A08076750AC6F8941580B95 /* Pods-MC Delivery.release.xcconfig */ = {isa = PBXFileReference; includeInIndex = 1; lastKnownFileType = text.xcconfig; name = "Pods-MC Delivery.release.xcconfig"; path = "Target Support Files/Pods-MC Delivery/Pods-MC Delivery.release.xcconfig"; sourceTree = "<group>"; };
		7C9C1E602AA88B4385238787 /* Pods_MC_Delivery.framework */ = {isa = PBXFileReference; explicitFileType = wrapper.framework; includeInIndex = 0; path = Pods_MC_Delivery.framework; sourceTree = BUILT_PRODUCTS_DIR; };
		BDFCAEA7BB4AFC2B380C7DC4 /* Pods-MC Delivery.debug.xcconfig */ = {isa = PBXFileReference; includeInIndex = 1; lastKnownFileType = text.xcconfig; name = "Pods-MC Delivery.debug.xcconfig"; path = "Target Support Files/Pods-MC Delivery/Pods-MC Delivery.debug.xcconfig"; sourceTree = "<group>"; };
		BE0A5D872F035253E519D132 /* Pods-MC Delivery Carrier.release.xcconfig */ = {isa = PBXFileReference; includeInIndex = 1; lastKnownFileType = text.xcconfig; name = "Pods-MC Delivery Carrier.release.xcconfig"; path = "Target Support Files/Pods-MC Delivery Carrier/Pods-MC Delivery Carrier.release.xcconfig"; sourceTree = "<group>"; };
		F900949029B6EA840031A016 /* NotificationEnum.swift */ = {isa = PBXFileReference; lastKnownFileType = sourcecode.swift; path = NotificationEnum.swift; sourceTree = "<group>"; };
		F900949329B6FB740031A016 /* ShoppingCartLogic.swift */ = {isa = PBXFileReference; lastKnownFileType = sourcecode.swift; path = ShoppingCartLogic.swift; sourceTree = "<group>"; };
		F900949529B725740031A016 /* OrderRequest.swift */ = {isa = PBXFileReference; lastKnownFileType = sourcecode.swift; path = OrderRequest.swift; sourceTree = "<group>"; };
		F900949729B735A20031A016 /* Order.swift */ = {isa = PBXFileReference; lastKnownFileType = sourcecode.swift; path = Order.swift; sourceTree = "<group>"; };
		F91A474F29B84C61005C2E93 /* LocationViewController.swift */ = {isa = PBXFileReference; lastKnownFileType = sourcecode.swift; path = LocationViewController.swift; sourceTree = "<group>"; };
		F91A475029B84C61005C2E93 /* LocationViewController.xib */ = {isa = PBXFileReference; lastKnownFileType = file.xib; path = LocationViewController.xib; sourceTree = "<group>"; };
		F91A475329B87750005C2E93 /* OrderViewController.swift */ = {isa = PBXFileReference; lastKnownFileType = sourcecode.swift; path = OrderViewController.swift; sourceTree = "<group>"; };
		F91A475429B87750005C2E93 /* OrderViewController.xib */ = {isa = PBXFileReference; lastKnownFileType = file.xib; path = OrderViewController.xib; sourceTree = "<group>"; };
		F91F71E129B59298002EF3E6 /* MedicineTableViewCell.swift */ = {isa = PBXFileReference; lastKnownFileType = sourcecode.swift; path = MedicineTableViewCell.swift; sourceTree = "<group>"; };
		F91F71E229B59298002EF3E6 /* MedicineTableViewCell.xib */ = {isa = PBXFileReference; lastKnownFileType = file.xib; path = MedicineTableViewCell.xib; sourceTree = "<group>"; };
		F91F71E929B5A44C002EF3E6 /* MC_Delivery.xcdatamodel */ = {isa = PBXFileReference; lastKnownFileType = wrapper.xcdatamodel; path = MC_Delivery.xcdatamodel; sourceTree = "<group>"; };
		F91F71EB29B5ACFC002EF3E6 /* CoreDataManager.swift */ = {isa = PBXFileReference; lastKnownFileType = sourcecode.swift; path = CoreDataManager.swift; sourceTree = "<group>"; };
		F91F71F729B5CB8A002EF3E6 /* ShoppingCart.swift */ = {isa = PBXFileReference; lastKnownFileType = sourcecode.swift; path = ShoppingCart.swift; sourceTree = "<group>"; };
		F92616C629C2D6610003B874 /* VideoCallViewController+CallDuration.swift */ = {isa = PBXFileReference; lastKnownFileType = sourcecode.swift; path = "VideoCallViewController+CallDuration.swift"; sourceTree = "<group>"; };
		F932AE8029A5BAEC00DFB859 /* MedicineDetailViewController.swift */ = {isa = PBXFileReference; lastKnownFileType = sourcecode.swift; path = MedicineDetailViewController.swift; sourceTree = "<group>"; };
		F932AE8129A5BAEC00DFB859 /* MedicineDetailViewController.xib */ = {isa = PBXFileReference; lastKnownFileType = file.xib; path = MedicineDetailViewController.xib; sourceTree = "<group>"; };
		F932AE8429A5C7DC00DFB859 /* MedicineDetailTableViewCell.swift */ = {isa = PBXFileReference; lastKnownFileType = sourcecode.swift; path = MedicineDetailTableViewCell.swift; sourceTree = "<group>"; };
		F932AE8529A5C7DC00DFB859 /* MedicineDetailTableViewCell.xib */ = {isa = PBXFileReference; lastKnownFileType = file.xib; path = MedicineDetailTableViewCell.xib; sourceTree = "<group>"; };
		F932AE8829A6559100DFB859 /* LoginViewController.swift */ = {isa = PBXFileReference; lastKnownFileType = sourcecode.swift; path = LoginViewController.swift; sourceTree = "<group>"; };
		F932AE8929A6559100DFB859 /* LoginViewController.xib */ = {isa = PBXFileReference; lastKnownFileType = file.xib; path = LoginViewController.xib; sourceTree = "<group>"; };
		F932AE8C29A65E0700DFB859 /* AuthRequest.swift */ = {isa = PBXFileReference; lastKnownFileType = sourcecode.swift; path = AuthRequest.swift; sourceTree = "<group>"; };
		F932AE8E29A6621400DFB859 /* Auth.swift */ = {isa = PBXFileReference; lastKnownFileType = sourcecode.swift; path = Auth.swift; sourceTree = "<group>"; };
		F932AE9029A6705700DFB859 /* UserRequest.swift */ = {isa = PBXFileReference; lastKnownFileType = sourcecode.swift; path = UserRequest.swift; sourceTree = "<group>"; };
		F932AE9229A6756C00DFB859 /* User.swift */ = {isa = PBXFileReference; lastKnownFileType = sourcecode.swift; path = User.swift; sourceTree = "<group>"; };
		F932AE9629A70F7900DFB859 /* CarrierViewController.swift */ = {isa = PBXFileReference; lastKnownFileType = sourcecode.swift; path = CarrierViewController.swift; sourceTree = "<group>"; };
		F932AE9729A70F7900DFB859 /* CarrierViewController.xib */ = {isa = PBXFileReference; lastKnownFileType = file.xib; path = CarrierViewController.xib; sourceTree = "<group>"; };
		F932AE9A29A747E800DFB859 /* CreateOrJoinRoomRequest.swift */ = {isa = PBXFileReference; lastKnownFileType = sourcecode.swift; path = CreateOrJoinRoomRequest.swift; sourceTree = "<group>"; };
		F932AE9C29A74B8C00DFB859 /* Room.swift */ = {isa = PBXFileReference; lastKnownFileType = sourcecode.swift; path = Room.swift; sourceTree = "<group>"; };
		F93FAF9829A26E1400786ED4 /* MC Delivery.app */ = {isa = PBXFileReference; explicitFileType = wrapper.application; includeInIndex = 0; path = "MC Delivery.app"; sourceTree = BUILT_PRODUCTS_DIR; };
		F93FAF9B29A26E1400786ED4 /* AppDelegate.swift */ = {isa = PBXFileReference; lastKnownFileType = sourcecode.swift; path = AppDelegate.swift; sourceTree = "<group>"; };
		F93FAF9D29A26E1400786ED4 /* SceneDelegate.swift */ = {isa = PBXFileReference; lastKnownFileType = sourcecode.swift; path = SceneDelegate.swift; sourceTree = "<group>"; };
		F93FAFA429A26E1500786ED4 /* Assets.xcassets */ = {isa = PBXFileReference; lastKnownFileType = folder.assetcatalog; path = Assets.xcassets; sourceTree = "<group>"; };
		F93FAFA729A26E1500786ED4 /* Base */ = {isa = PBXFileReference; lastKnownFileType = file.storyboard; name = Base; path = Base.lproj/LaunchScreen.storyboard; sourceTree = "<group>"; };
		F93FAFA929A26E1500786ED4 /* Info.plist */ = {isa = PBXFileReference; lastKnownFileType = text.plist.xml; path = Info.plist; sourceTree = "<group>"; };
		F93FAFB329A26E2600786ED4 /* MC Delivery Carrier.app */ = {isa = PBXFileReference; explicitFileType = wrapper.application; includeInIndex = 0; path = "MC Delivery Carrier.app"; sourceTree = BUILT_PRODUCTS_DIR; };
		F93FAFB529A26E2600786ED4 /* AppDelegate.swift */ = {isa = PBXFileReference; lastKnownFileType = sourcecode.swift; path = AppDelegate.swift; sourceTree = "<group>"; };
		F93FAFB729A26E2600786ED4 /* SceneDelegate.swift */ = {isa = PBXFileReference; lastKnownFileType = sourcecode.swift; path = SceneDelegate.swift; sourceTree = "<group>"; };
		F93FAFBE29A26E2600786ED4 /* Assets.xcassets */ = {isa = PBXFileReference; lastKnownFileType = folder.assetcatalog; path = Assets.xcassets; sourceTree = "<group>"; };
		F93FAFC129A26E2600786ED4 /* Base */ = {isa = PBXFileReference; lastKnownFileType = file.storyboard; name = Base; path = Base.lproj/LaunchScreen.storyboard; sourceTree = "<group>"; };
		F93FAFC329A26E2600786ED4 /* Info.plist */ = {isa = PBXFileReference; lastKnownFileType = text.plist.xml; path = Info.plist; sourceTree = "<group>"; };
		F9516FE129B9901F00BA447C /* OrderTableViewCell.swift */ = {isa = PBXFileReference; lastKnownFileType = sourcecode.swift; path = OrderTableViewCell.swift; sourceTree = "<group>"; };
		F9516FE229B9901F00BA447C /* OrderTableViewCell.xib */ = {isa = PBXFileReference; lastKnownFileType = file.xib; path = OrderTableViewCell.xib; sourceTree = "<group>"; };
		F9516FE529B9C54100BA447C /* OrderHistoryLogic.swift */ = {isa = PBXFileReference; lastKnownFileType = sourcecode.swift; path = OrderHistoryLogic.swift; sourceTree = "<group>"; };
		F975A81529A86229006EE0E7 /* ProfileViewController.swift */ = {isa = PBXFileReference; lastKnownFileType = sourcecode.swift; path = ProfileViewController.swift; sourceTree = "<group>"; };
		F975A81629A86229006EE0E7 /* ProfileViewController.xib */ = {isa = PBXFileReference; lastKnownFileType = file.xib; path = ProfileViewController.xib; sourceTree = "<group>"; };
		F975A81929A86A21006EE0E7 /* CredentialsStore.swift */ = {isa = PBXFileReference; lastKnownFileType = sourcecode.swift; path = CredentialsStore.swift; sourceTree = "<group>"; };
		F975A81B29A87965006EE0E7 /* SocketHandler.swift */ = {isa = PBXFileReference; lastKnownFileType = sourcecode.swift; path = SocketHandler.swift; sourceTree = "<group>"; };
		F975A81F29A9164B006EE0E7 /* CallManager.swift */ = {isa = PBXFileReference; lastKnownFileType = sourcecode.swift; path = CallManager.swift; sourceTree = "<group>"; };
		F975A82129AA055D006EE0E7 /* MenuViewController.swift */ = {isa = PBXFileReference; lastKnownFileType = sourcecode.swift; path = MenuViewController.swift; sourceTree = "<group>"; };
		F975A82229AA055D006EE0E7 /* MenuViewController.xib */ = {isa = PBXFileReference; lastKnownFileType = file.xib; path = MenuViewController.xib; sourceTree = "<group>"; };
		F975A82A29AA0A26006EE0E7 /* LoginViewController.swift */ = {isa = PBXFileReference; lastKnownFileType = sourcecode.swift; path = LoginViewController.swift; sourceTree = "<group>"; };
		F975A82B29AA0A26006EE0E7 /* LoginViewController.xib */ = {isa = PBXFileReference; lastKnownFileType = file.xib; path = LoginViewController.xib; sourceTree = "<group>"; };
		F975A83329AA3151006EE0E7 /* ProfileViewController.swift */ = {isa = PBXFileReference; lastKnownFileType = sourcecode.swift; path = ProfileViewController.swift; sourceTree = "<group>"; };
		F975A83429AA3151006EE0E7 /* ProfileViewController.xib */ = {isa = PBXFileReference; lastKnownFileType = file.xib; path = ProfileViewController.xib; sourceTree = "<group>"; };
		F975A83729AA3256006EE0E7 /* ClientViewController.swift */ = {isa = PBXFileReference; lastKnownFileType = sourcecode.swift; path = ClientViewController.swift; sourceTree = "<group>"; };
		F975A83829AA3256006EE0E7 /* ClientViewController.xib */ = {isa = PBXFileReference; lastKnownFileType = file.xib; path = ClientViewController.xib; sourceTree = "<group>"; };
		F975A84129AA56B9006EE0E7 /* VideoCallViewController.swift */ = {isa = PBXFileReference; lastKnownFileType = sourcecode.swift; path = VideoCallViewController.swift; sourceTree = "<group>"; };
		F975A84229AA56B9006EE0E7 /* VideoCallViewController.xib */ = {isa = PBXFileReference; lastKnownFileType = file.xib; path = VideoCallViewController.xib; sourceTree = "<group>"; };
		F975A84B29AC9415006EE0E7 /* Settings.swift */ = {isa = PBXFileReference; lastKnownFileType = sourcecode.swift; path = Settings.swift; sourceTree = "<group>"; };
		F987C5DB29BEE313001A5B58 /* OngoingOrderViewController.swift */ = {isa = PBXFileReference; lastKnownFileType = sourcecode.swift; path = OngoingOrderViewController.swift; sourceTree = "<group>"; };
		F987C5DC29BEE313001A5B58 /* OngoingOrderViewController.xib */ = {isa = PBXFileReference; lastKnownFileType = file.xib; path = OngoingOrderViewController.xib; sourceTree = "<group>"; };
		F987C5E629BF035F001A5B58 /* AuthRequest.swift */ = {isa = PBXFileReference; lastKnownFileType = sourcecode.swift; name = AuthRequest.swift; path = ../../../../../Documents/AuthRequest.swift; sourceTree = "<group>"; };
		F995FC9629ADEC4E003E9C44 /* CalleeStore.swift */ = {isa = PBXFileReference; lastKnownFileType = sourcecode.swift; path = CalleeStore.swift; sourceTree = "<group>"; };
		F9B478F829B58D8D002817F8 /* ShoppingCartViewController.swift */ = {isa = PBXFileReference; lastKnownFileType = sourcecode.swift; path = ShoppingCartViewController.swift; sourceTree = "<group>"; };
		F9B478F929B58D8D002817F8 /* ShoppingCartViewController.xib */ = {isa = PBXFileReference; lastKnownFileType = file.xib; path = ShoppingCartViewController.xib; sourceTree = "<group>"; };
		F9C6C6EC29BAD65800D41CE3 /* OrderDetailViewController.swift */ = {isa = PBXFileReference; lastKnownFileType = sourcecode.swift; path = OrderDetailViewController.swift; sourceTree = "<group>"; };
		F9C6C6ED29BAD65800D41CE3 /* OrderDetailViewController.xib */ = {isa = PBXFileReference; lastKnownFileType = file.xib; path = OrderDetailViewController.xib; sourceTree = "<group>"; };
		F9C6C6F029BAE70D00D41CE3 /* FirstOrderTableViewCell.swift */ = {isa = PBXFileReference; lastKnownFileType = sourcecode.swift; path = FirstOrderTableViewCell.swift; sourceTree = "<group>"; };
		F9C6C6F129BAE70D00D41CE3 /* FirstOrderTableViewCell.xib */ = {isa = PBXFileReference; lastKnownFileType = file.xib; path = FirstOrderTableViewCell.xib; sourceTree = "<group>"; };
		F9C6C6F429BAF1C300D41CE3 /* MedicineOrderTableViewCell.swift */ = {isa = PBXFileReference; lastKnownFileType = sourcecode.swift; path = MedicineOrderTableViewCell.swift; sourceTree = "<group>"; };
		F9C6C6F529BAF1C300D41CE3 /* MedicineOrderTableViewCell.xib */ = {isa = PBXFileReference; lastKnownFileType = file.xib; path = MedicineOrderTableViewCell.xib; sourceTree = "<group>"; };
		F9C6C6F829BB0AA700D41CE3 /* OrderTotalBillTableViewCell.swift */ = {isa = PBXFileReference; lastKnownFileType = sourcecode.swift; path = OrderTotalBillTableViewCell.swift; sourceTree = "<group>"; };
		F9C6C6F929BB0AA700D41CE3 /* OrderTotalBillTableViewCell.xib */ = {isa = PBXFileReference; lastKnownFileType = file.xib; path = OrderTotalBillTableViewCell.xib; sourceTree = "<group>"; };
		F9E4618D29A32FBE0050BF0F /* HomeViewController.swift */ = {isa = PBXFileReference; lastKnownFileType = sourcecode.swift; path = HomeViewController.swift; sourceTree = "<group>"; };
		F9E4618E29A32FBE0050BF0F /* HomeViewController.xib */ = {isa = PBXFileReference; lastKnownFileType = file.xib; path = HomeViewController.xib; sourceTree = "<group>"; };
		F9E4619329A32FED0050BF0F /* HomeViewController.swift */ = {isa = PBXFileReference; lastKnownFileType = sourcecode.swift; path = HomeViewController.swift; sourceTree = "<group>"; };
		F9E4619429A32FED0050BF0F /* HomeViewController.xib */ = {isa = PBXFileReference; lastKnownFileType = file.xib; path = HomeViewController.xib; sourceTree = "<group>"; };
		F9E4619729A337300050BF0F /* CustomColor.swift */ = {isa = PBXFileReference; lastKnownFileType = sourcecode.swift; path = CustomColor.swift; sourceTree = "<group>"; };
		F9E461A029A359460050BF0F /* CustomButton.swift */ = {isa = PBXFileReference; lastKnownFileType = sourcecode.swift; path = CustomButton.swift; sourceTree = "<group>"; };
		F9E461A329A360F20050BF0F /* CustomNavigationBar.swift */ = {isa = PBXFileReference; lastKnownFileType = sourcecode.swift; path = CustomNavigationBar.swift; sourceTree = "<group>"; };
		F9E461AD29A3AED60050BF0F /* CustomLayout.swift */ = {isa = PBXFileReference; lastKnownFileType = sourcecode.swift; path = CustomLayout.swift; sourceTree = "<group>"; };
		F9E461B029A3B1160050BF0F /* MedicineCollectionViewCell.swift */ = {isa = PBXFileReference; lastKnownFileType = sourcecode.swift; path = MedicineCollectionViewCell.swift; sourceTree = "<group>"; };
		F9E461B129A3B1160050BF0F /* MedicineCollectionViewCell.xib */ = {isa = PBXFileReference; lastKnownFileType = file.xib; path = MedicineCollectionViewCell.xib; sourceTree = "<group>"; };
		F9E461BC29A3C3090050BF0F /* MenuViewController.swift */ = {isa = PBXFileReference; lastKnownFileType = sourcecode.swift; path = MenuViewController.swift; sourceTree = "<group>"; };
		F9E461BD29A3C3090050BF0F /* MenuViewController.xib */ = {isa = PBXFileReference; lastKnownFileType = file.xib; path = MenuViewController.xib; sourceTree = "<group>"; };
		F9F58CA229B5E72F00D3B904 /* Med+CoreDataClass.swift */ = {isa = PBXFileReference; lastKnownFileType = sourcecode.swift; path = "Med+CoreDataClass.swift"; sourceTree = SOURCE_ROOT; };
		F9F58CA329B5E72F00D3B904 /* Med+CoreDataProperties.swift */ = {isa = PBXFileReference; lastKnownFileType = sourcecode.swift; path = "Med+CoreDataProperties.swift"; sourceTree = SOURCE_ROOT; };
		F9FF20E529A4735D002E05A1 /* MedicinesRequest.swift */ = {isa = PBXFileReference; lastKnownFileType = sourcecode.swift; path = MedicinesRequest.swift; sourceTree = "<group>"; };
		F9FF20EA29A4CE02002E05A1 /* Medicine.swift */ = {isa = PBXFileReference; lastKnownFileType = sourcecode.swift; path = Medicine.swift; sourceTree = "<group>"; };
/* End PBXFileReference section */

/* Begin PBXFrameworksBuildPhase section */
		F93FAF9529A26E1400786ED4 /* Frameworks */ = {
			isa = PBXFrameworksBuildPhase;
			buildActionMask = 2147483647;
			files = (
				0A871279AE9160D0C35ACFA1 /* Pods_MC_Delivery.framework in Frameworks */,
			);
			runOnlyForDeploymentPostprocessing = 0;
		};
		F93FAFB029A26E2600786ED4 /* Frameworks */ = {
			isa = PBXFrameworksBuildPhase;
			buildActionMask = 2147483647;
			files = (
				4048E5A52CB647CA31529E8E /* Pods_MC_Delivery_Carrier.framework in Frameworks */,
			);
			runOnlyForDeploymentPostprocessing = 0;
		};
/* End PBXFrameworksBuildPhase section */

/* Begin PBXGroup section */
		55D4BDECA07C8DC37B8BEFB4 /* Frameworks */ = {
			isa = PBXGroup;
			children = (
				7C9C1E602AA88B4385238787 /* Pods_MC_Delivery.framework */,
				368835D84D79D47DED9006A8 /* Pods_MC_Delivery_Carrier.framework */,
			);
			name = Frameworks;
			sourceTree = "<group>";
		};
		BA6321E8CEC6A3D9A13DE7D9 /* Pods */ = {
			isa = PBXGroup;
			children = (
				BDFCAEA7BB4AFC2B380C7DC4 /* Pods-MC Delivery.debug.xcconfig */,
				7A08076750AC6F8941580B95 /* Pods-MC Delivery.release.xcconfig */,
				428391C23254F94CB82B7D85 /* Pods-MC Delivery Carrier.debug.xcconfig */,
				BE0A5D872F035253E519D132 /* Pods-MC Delivery Carrier.release.xcconfig */,
			);
			path = Pods;
			sourceTree = "<group>";
		};
		F900948F29B6EA600031A016 /* Extension */ = {
			isa = PBXGroup;
			children = (
				F900949029B6EA840031A016 /* NotificationEnum.swift */,
			);
			path = Extension;
			sourceTree = "<group>";
		};
		F900949229B6FB540031A016 /* Logic */ = {
			isa = PBXGroup;
			children = (
				F900949329B6FB740031A016 /* ShoppingCartLogic.swift */,
				F9516FE529B9C54100BA447C /* OrderHistoryLogic.swift */,
			);
			path = Logic;
			sourceTree = "<group>";
		};
		F91A474A29B84B48005C2E93 /* MedicineRelatedVC */ = {
			isa = PBXGroup;
			children = (
				F9E4618D29A32FBE0050BF0F /* HomeViewController.swift */,
				F9E4618E29A32FBE0050BF0F /* HomeViewController.xib */,
				F932AE8029A5BAEC00DFB859 /* MedicineDetailViewController.swift */,
				F932AE8129A5BAEC00DFB859 /* MedicineDetailViewController.xib */,
			);
			path = MedicineRelatedVC;
			sourceTree = "<group>";
		};
		F91A474B29B84B6A005C2E93 /* OrderRelatedVC */ = {
			isa = PBXGroup;
			children = (
				F9B478F829B58D8D002817F8 /* ShoppingCartViewController.swift */,
				F9B478F929B58D8D002817F8 /* ShoppingCartViewController.xib */,
				F91A474F29B84C61005C2E93 /* LocationViewController.swift */,
				F91A475029B84C61005C2E93 /* LocationViewController.xib */,
				F91A475329B87750005C2E93 /* OrderViewController.swift */,
				F91A475429B87750005C2E93 /* OrderViewController.xib */,
				F9C6C6EC29BAD65800D41CE3 /* OrderDetailViewController.swift */,
				F9C6C6ED29BAD65800D41CE3 /* OrderDetailViewController.xib */,
				F987C5DB29BEE313001A5B58 /* OngoingOrderViewController.swift */,
				F987C5DC29BEE313001A5B58 /* OngoingOrderViewController.xib */,
			);
			path = OrderRelatedVC;
			sourceTree = "<group>";
		};
		F91A474C29B84B7C005C2E93 /* CustomerRelatedVC */ = {
			isa = PBXGroup;
			children = (
				F932AE8829A6559100DFB859 /* LoginViewController.swift */,
				F932AE8929A6559100DFB859 /* LoginViewController.xib */,
				F975A81529A86229006EE0E7 /* ProfileViewController.swift */,
				F975A81629A86229006EE0E7 /* ProfileViewController.xib */,
			);
			path = CustomerRelatedVC;
			sourceTree = "<group>";
		};
		F91A474D29B84BDD005C2E93 /* CarrierRelatedVC */ = {
			isa = PBXGroup;
			children = (
				F932AE9629A70F7900DFB859 /* CarrierViewController.swift */,
				F932AE9729A70F7900DFB859 /* CarrierViewController.xib */,
			);
			path = CarrierRelatedVC;
			sourceTree = "<group>";
		};
		F91A474E29B84C11005C2E93 /* MedicineRelatedCell */ = {
			isa = PBXGroup;
			children = (
				F9E461B029A3B1160050BF0F /* MedicineCollectionViewCell.swift */,
				F9E461B129A3B1160050BF0F /* MedicineCollectionViewCell.xib */,
				F932AE8429A5C7DC00DFB859 /* MedicineDetailTableViewCell.swift */,
				F932AE8529A5C7DC00DFB859 /* MedicineDetailTableViewCell.xib */,
				F91F71E129B59298002EF3E6 /* MedicineTableViewCell.swift */,
				F91F71E229B59298002EF3E6 /* MedicineTableViewCell.xib */,
			);
			path = MedicineRelatedCell;
			sourceTree = "<group>";
		};
		F91F71ED29B5C76E002EF3E6 /* CoreData */ = {
			isa = PBXGroup;
			children = (
				F9F58CA229B5E72F00D3B904 /* Med+CoreDataClass.swift */,
				F9F58CA329B5E72F00D3B904 /* Med+CoreDataProperties.swift */,
				F91F71EB29B5ACFC002EF3E6 /* CoreDataManager.swift */,
				F91F71F729B5CB8A002EF3E6 /* ShoppingCart.swift */,
			);
			path = CoreData;
			sourceTree = "<group>";
		};
		F91F71EF29B5C7DB002EF3E6 /* CommonUI */ = {
			isa = PBXGroup;
			children = (
				F9E461AD29A3AED60050BF0F /* CustomLayout.swift */,
				F9E4619729A337300050BF0F /* CustomColor.swift */,
				F9E461A329A360F20050BF0F /* CustomNavigationBar.swift */,
				F9E461A029A359460050BF0F /* CustomButton.swift */,
			);
			path = CommonUI;
			sourceTree = "<group>";
		};
		F91F71F029B5C7FB002EF3E6 /* Networking */ = {
			isa = PBXGroup;
			children = (
				F932AE9A29A747E800DFB859 /* CreateOrJoinRoomRequest.swift */,
				F932AE9029A6705700DFB859 /* UserRequest.swift */,
			);
			path = Networking;
			sourceTree = "<group>";
		};
		F91F71F129B5C810002EF3E6 /* Storage */ = {
			isa = PBXGroup;
			children = (
				F975A81929A86A21006EE0E7 /* CredentialsStore.swift */,
				F995FC9629ADEC4E003E9C44 /* CalleeStore.swift */,
			);
			path = Storage;
			sourceTree = "<group>";
		};
		F91F71F229B5C835002EF3E6 /* CallKit */ = {
			isa = PBXGroup;
			children = (
				F975A81F29A9164B006EE0E7 /* CallManager.swift */,
			);
			path = CallKit;
			sourceTree = "<group>";
		};
		F91F71F329B5C84D002EF3E6 /* Twilio */ = {
			isa = PBXGroup;
			children = (
				F975A84B29AC9415006EE0E7 /* Settings.swift */,
			);
			path = Twilio;
			sourceTree = "<group>";
		};
		F91F71F429B5C85F002EF3E6 /* Socket */ = {
			isa = PBXGroup;
			children = (
				F975A81B29A87965006EE0E7 /* SocketHandler.swift */,
			);
			path = Socket;
			sourceTree = "<group>";
		};
		F91F71F529B5C8A8002EF3E6 /* Networking */ = {
			isa = PBXGroup;
			children = (
				F932AE8C29A65E0700DFB859 /* AuthRequest.swift */,
				F9FF20E529A4735D002E05A1 /* MedicinesRequest.swift */,
				F900949529B725740031A016 /* OrderRequest.swift */,
			);
			path = Networking;
			sourceTree = "<group>";
		};
		F93FAF8F29A26E1400786ED4 = {
			isa = PBXGroup;
			children = (
				F975A84629AB9BFC006EE0E7 /* CommonViewController */,
				F975A83029AA2C5B006EE0E7 /* CommonDataStructure */,
				F975A83129AA2C6A006EE0E7 /* CommonModels */,
				F91F71EF29B5C7DB002EF3E6 /* CommonUI */,
				F93FAF9A29A26E1400786ED4 /* MC Delivery */,
				F93FAFB429A26E2600786ED4 /* MC Delivery Carrier */,
				F93FAF9929A26E1400786ED4 /* Products */,
				BA6321E8CEC6A3D9A13DE7D9 /* Pods */,
				55D4BDECA07C8DC37B8BEFB4 /* Frameworks */,
			);
			sourceTree = "<group>";
		};
		F93FAF9929A26E1400786ED4 /* Products */ = {
			isa = PBXGroup;
			children = (
				F93FAF9829A26E1400786ED4 /* MC Delivery.app */,
				F93FAFB329A26E2600786ED4 /* MC Delivery Carrier.app */,
			);
			name = Products;
			sourceTree = "<group>";
		};
		F93FAF9A29A26E1400786ED4 /* MC Delivery */ = {
			isa = PBXGroup;
			children = (
				F93FAF9B29A26E1400786ED4 /* AppDelegate.swift */,
				F93FAF9D29A26E1400786ED4 /* SceneDelegate.swift */,
				F9FF20E729A4ACD2002E05A1 /* DataStructure */,
				F9FF20E229A46EAB002E05A1 /* Models */,
				F9E461B429A3B8220050BF0F /* ViewControllers */,
				F9E461B529A3B8320050BF0F /* Cells */,
				F93FAFA429A26E1500786ED4 /* Assets.xcassets */,
				F93FAFA629A26E1500786ED4 /* LaunchScreen.storyboard */,
				F93FAFA929A26E1500786ED4 /* Info.plist */,
				F91F71E829B5A44C002EF3E6 /* MC_Delivery.xcdatamodeld */,
			);
			path = "MC Delivery";
			sourceTree = "<group>";
		};
		F93FAFB429A26E2600786ED4 /* MC Delivery Carrier */ = {
			isa = PBXGroup;
			children = (
				F93FAFB529A26E2600786ED4 /* AppDelegate.swift */,
				F93FAFB729A26E2600786ED4 /* SceneDelegate.swift */,
				F93FAFBE29A26E2600786ED4 /* Assets.xcassets */,
				F93FAFC029A26E2600786ED4 /* LaunchScreen.storyboard */,
				F93FAFC329A26E2600786ED4 /* Info.plist */,
				F987C5E429BF0337001A5B58 /* Models */,
				F975A82529AA0564006EE0E7 /* ViewControllers */,
			);
			path = "MC Delivery Carrier";
			sourceTree = "<group>";
		};
		F9494F8829C16DFF00EB4A3B /* CustomerRelatedVC */ = {
			isa = PBXGroup;
			children = (
				F975A83729AA3256006EE0E7 /* ClientViewController.swift */,
				F975A83829AA3256006EE0E7 /* ClientViewController.xib */,
			);
			path = CustomerRelatedVC;
			sourceTree = "<group>";
		};
		F9494F8929C16E2100EB4A3B /* CarrierRelatedVC */ = {
			isa = PBXGroup;
			children = (
				F975A82A29AA0A26006EE0E7 /* LoginViewController.swift */,
				F975A82B29AA0A26006EE0E7 /* LoginViewController.xib */,
				F975A83329AA3151006EE0E7 /* ProfileViewController.swift */,
				F975A83429AA3151006EE0E7 /* ProfileViewController.xib */,
			);
			path = CarrierRelatedVC;
			sourceTree = "<group>";
		};
		F9516FE029B98FA300BA447C /* OrderRelatedCell */ = {
			isa = PBXGroup;
			children = (
				F9516FE129B9901F00BA447C /* OrderTableViewCell.swift */,
				F9516FE229B9901F00BA447C /* OrderTableViewCell.xib */,
				F9C6C6F029BAE70D00D41CE3 /* FirstOrderTableViewCell.swift */,
				F9C6C6F129BAE70D00D41CE3 /* FirstOrderTableViewCell.xib */,
				F9C6C6F429BAF1C300D41CE3 /* MedicineOrderTableViewCell.swift */,
				F9C6C6F529BAF1C300D41CE3 /* MedicineOrderTableViewCell.xib */,
				F9C6C6F829BB0AA700D41CE3 /* OrderTotalBillTableViewCell.swift */,
				F9C6C6F929BB0AA700D41CE3 /* OrderTotalBillTableViewCell.xib */,
			);
			path = OrderRelatedCell;
			sourceTree = "<group>";
		};
		F975A82529AA0564006EE0E7 /* ViewControllers */ = {
			isa = PBXGroup;
			children = (
				F9494F8929C16E2100EB4A3B /* CarrierRelatedVC */,
				F9494F8829C16DFF00EB4A3B /* CustomerRelatedVC */,
				F9E4619329A32FED0050BF0F /* HomeViewController.swift */,
				F9E4619429A32FED0050BF0F /* HomeViewController.xib */,
				F975A82129AA055D006EE0E7 /* MenuViewController.swift */,
				F975A82229AA055D006EE0E7 /* MenuViewController.xib */,
			);
			path = ViewControllers;
			sourceTree = "<group>";
		};
		F975A83029AA2C5B006EE0E7 /* CommonDataStructure */ = {
			isa = PBXGroup;
			children = (
				F932AE8E29A6621400DFB859 /* Auth.swift */,
				F932AE9229A6756C00DFB859 /* User.swift */,
				F932AE9C29A74B8C00DFB859 /* Room.swift */,
			);
			path = CommonDataStructure;
			sourceTree = "<group>";
		};
		F975A83129AA2C6A006EE0E7 /* CommonModels */ = {
			isa = PBXGroup;
			children = (
				F91F71F429B5C85F002EF3E6 /* Socket */,
				F91F71F329B5C84D002EF3E6 /* Twilio */,
				F91F71F229B5C835002EF3E6 /* CallKit */,
				F91F71F129B5C810002EF3E6 /* Storage */,
				F91F71F029B5C7FB002EF3E6 /* Networking */,
			);
			path = CommonModels;
			sourceTree = "<group>";
		};
		F975A84629AB9BFC006EE0E7 /* CommonViewController */ = {
			isa = PBXGroup;
			children = (
				F975A84129AA56B9006EE0E7 /* VideoCallViewController.swift */,
				F92616C629C2D6610003B874 /* VideoCallViewController+CallDuration.swift */,
				F975A84229AA56B9006EE0E7 /* VideoCallViewController.xib */,
			);
			path = CommonViewController;
			sourceTree = "<group>";
		};
		F987C5E429BF0337001A5B58 /* Models */ = {
			isa = PBXGroup;
			children = (
				F987C5E529BF0345001A5B58 /* Networking */,
			);
			path = Models;
			sourceTree = "<group>";
		};
		F987C5E529BF0345001A5B58 /* Networking */ = {
			isa = PBXGroup;
			children = (
				F987C5E629BF035F001A5B58 /* AuthRequest.swift */,
			);
			path = Networking;
			sourceTree = "<group>";
		};
		F9E461B429A3B8220050BF0F /* ViewControllers */ = {
			isa = PBXGroup;
			children = (
				F91A474D29B84BDD005C2E93 /* CarrierRelatedVC */,
				F91A474C29B84B7C005C2E93 /* CustomerRelatedVC */,
				F91A474A29B84B48005C2E93 /* MedicineRelatedVC */,
				F91A474B29B84B6A005C2E93 /* OrderRelatedVC */,
				F9E461BC29A3C3090050BF0F /* MenuViewController.swift */,
				F9E461BD29A3C3090050BF0F /* MenuViewController.xib */,
			);
			path = ViewControllers;
			sourceTree = "<group>";
		};
		F9E461B529A3B8320050BF0F /* Cells */ = {
			isa = PBXGroup;
			children = (
				F9516FE029B98FA300BA447C /* OrderRelatedCell */,
				F91A474E29B84C11005C2E93 /* MedicineRelatedCell */,
			);
			path = Cells;
			sourceTree = "<group>";
		};
		F9FF20E229A46EAB002E05A1 /* Models */ = {
			isa = PBXGroup;
			children = (
				F900948F29B6EA600031A016 /* Extension */,
				F900949229B6FB540031A016 /* Logic */,
				F91F71F529B5C8A8002EF3E6 /* Networking */,
				F91F71ED29B5C76E002EF3E6 /* CoreData */,
			);
			path = Models;
			sourceTree = "<group>";
		};
		F9FF20E729A4ACD2002E05A1 /* DataStructure */ = {
			isa = PBXGroup;
			children = (
				F9FF20EA29A4CE02002E05A1 /* Medicine.swift */,
				F900949729B735A20031A016 /* Order.swift */,
			);
			path = DataStructure;
			sourceTree = "<group>";
		};
/* End PBXGroup section */

/* Begin PBXNativeTarget section */
		F93FAF9729A26E1400786ED4 /* MC Delivery */ = {
			isa = PBXNativeTarget;
			buildConfigurationList = F93FAFAC29A26E1500786ED4 /* Build configuration list for PBXNativeTarget "MC Delivery" */;
			buildPhases = (
				139D04DDCEC9A9392656771C /* [CP] Check Pods Manifest.lock */,
				F93FAF9429A26E1400786ED4 /* Sources */,
				F93FAF9529A26E1400786ED4 /* Frameworks */,
				F93FAF9629A26E1400786ED4 /* Resources */,
				6332817086F200C45B9B67D3 /* [CP] Embed Pods Frameworks */,
			);
			buildRules = (
			);
			dependencies = (
			);
			name = "MC Delivery";
			productName = "MC Delivery";
			productReference = F93FAF9829A26E1400786ED4 /* MC Delivery.app */;
			productType = "com.apple.product-type.application";
		};
		F93FAFB229A26E2600786ED4 /* MC Delivery Carrier */ = {
			isa = PBXNativeTarget;
			buildConfigurationList = F93FAFC429A26E2600786ED4 /* Build configuration list for PBXNativeTarget "MC Delivery Carrier" */;
			buildPhases = (
				992BF0728880FD1D31BDF093 /* [CP] Check Pods Manifest.lock */,
				F93FAFAF29A26E2600786ED4 /* Sources */,
				F93FAFB029A26E2600786ED4 /* Frameworks */,
				F93FAFB129A26E2600786ED4 /* Resources */,
				315411A14FB6CC5E75D710AE /* [CP] Embed Pods Frameworks */,
			);
			buildRules = (
			);
			dependencies = (
			);
			name = "MC Delivery Carrier";
			productName = "MC Delivery Carrier";
			productReference = F93FAFB329A26E2600786ED4 /* MC Delivery Carrier.app */;
			productType = "com.apple.product-type.application";
		};
/* End PBXNativeTarget section */

/* Begin PBXProject section */
		F93FAF9029A26E1400786ED4 /* Project object */ = {
			isa = PBXProject;
			attributes = {
				BuildIndependentTargetsInParallel = 1;
				LastSwiftUpdateCheck = 1420;
				LastUpgradeCheck = 1420;
				TargetAttributes = {
					F93FAF9729A26E1400786ED4 = {
						CreatedOnToolsVersion = 14.2;
					};
					F93FAFB229A26E2600786ED4 = {
						CreatedOnToolsVersion = 14.2;
					};
				};
			};
			buildConfigurationList = F93FAF9329A26E1400786ED4 /* Build configuration list for PBXProject "MC Delivery" */;
			compatibilityVersion = "Xcode 14.0";
			developmentRegion = en;
			hasScannedForEncodings = 0;
			knownRegions = (
				en,
				Base,
			);
			mainGroup = F93FAF8F29A26E1400786ED4;
			productRefGroup = F93FAF9929A26E1400786ED4 /* Products */;
			projectDirPath = "";
			projectRoot = "";
			targets = (
				F93FAF9729A26E1400786ED4 /* MC Delivery */,
				F93FAFB229A26E2600786ED4 /* MC Delivery Carrier */,
			);
		};
/* End PBXProject section */

/* Begin PBXResourcesBuildPhase section */
		F93FAF9629A26E1400786ED4 /* Resources */ = {
			isa = PBXResourcesBuildPhase;
			buildActionMask = 2147483647;
			files = (
				F9C6C6F729BAF1C300D41CE3 /* MedicineOrderTableViewCell.xib in Resources */,
				F9B478FB29B58D8D002817F8 /* ShoppingCartViewController.xib in Resources */,
				F932AE8B29A6559100DFB859 /* LoginViewController.xib in Resources */,
				F9C6C6EF29BAD65800D41CE3 /* OrderDetailViewController.xib in Resources */,
				F932AE9929A70F7900DFB859 /* CarrierViewController.xib in Resources */,
				F975A84429AA56B9006EE0E7 /* VideoCallViewController.xib in Resources */,
				F932AE8729A5C7DC00DFB859 /* MedicineDetailTableViewCell.xib in Resources */,
				F987C5DE29BEE313001A5B58 /* OngoingOrderViewController.xib in Resources */,
				F932AE8329A5BAEC00DFB859 /* MedicineDetailViewController.xib in Resources */,
				F9516FE429B9901F00BA447C /* OrderTableViewCell.xib in Resources */,
				F9E461B329A3B1160050BF0F /* MedicineCollectionViewCell.xib in Resources */,
				F91A475629B87750005C2E93 /* OrderViewController.xib in Resources */,
				F9C6C6FB29BB0AA700D41CE3 /* OrderTotalBillTableViewCell.xib in Resources */,
				F93FAFA829A26E1500786ED4 /* LaunchScreen.storyboard in Resources */,
				F91F71E429B59298002EF3E6 /* MedicineTableViewCell.xib in Resources */,
				F9E461BF29A3C3090050BF0F /* MenuViewController.xib in Resources */,
				F93FAFA529A26E1500786ED4 /* Assets.xcassets in Resources */,
				F975A81829A86229006EE0E7 /* ProfileViewController.xib in Resources */,
				F9C6C6F329BAE70D00D41CE3 /* FirstOrderTableViewCell.xib in Resources */,
				F9E4619129A32FBE0050BF0F /* HomeViewController.xib in Resources */,
				F91A475229B84C61005C2E93 /* LocationViewController.xib in Resources */,
			);
			runOnlyForDeploymentPostprocessing = 0;
		};
		F93FAFB129A26E2600786ED4 /* Resources */ = {
			isa = PBXResourcesBuildPhase;
			buildActionMask = 2147483647;
			files = (
				F975A83629AA3151006EE0E7 /* ProfileViewController.xib in Resources */,
				F975A82D29AA0A26006EE0E7 /* LoginViewController.xib in Resources */,
				F93FAFC229A26E2600786ED4 /* LaunchScreen.storyboard in Resources */,
				F93FAFBF29A26E2600786ED4 /* Assets.xcassets in Resources */,
				F975A83A29AA3256006EE0E7 /* ClientViewController.xib in Resources */,
				F9E4619629A32FED0050BF0F /* HomeViewController.xib in Resources */,
				F975A84A29ABA94E006EE0E7 /* VideoCallViewController.xib in Resources */,
				F975A82429AA055D006EE0E7 /* MenuViewController.xib in Resources */,
			);
			runOnlyForDeploymentPostprocessing = 0;
		};
/* End PBXResourcesBuildPhase section */

/* Begin PBXShellScriptBuildPhase section */
		139D04DDCEC9A9392656771C /* [CP] Check Pods Manifest.lock */ = {
			isa = PBXShellScriptBuildPhase;
			buildActionMask = 2147483647;
			files = (
			);
			inputFileListPaths = (
			);
			inputPaths = (
				"${PODS_PODFILE_DIR_PATH}/Podfile.lock",
				"${PODS_ROOT}/Manifest.lock",
			);
			name = "[CP] Check Pods Manifest.lock";
			outputFileListPaths = (
			);
			outputPaths = (
				"$(DERIVED_FILE_DIR)/Pods-MC Delivery-checkManifestLockResult.txt",
			);
			runOnlyForDeploymentPostprocessing = 0;
			shellPath = /bin/sh;
			shellScript = "diff \"${PODS_PODFILE_DIR_PATH}/Podfile.lock\" \"${PODS_ROOT}/Manifest.lock\" > /dev/null\nif [ $? != 0 ] ; then\n    # print error to STDERR\n    echo \"error: The sandbox is not in sync with the Podfile.lock. Run 'pod install' or update your CocoaPods installation.\" >&2\n    exit 1\nfi\n# This output is used by Xcode 'outputs' to avoid re-running this script phase.\necho \"SUCCESS\" > \"${SCRIPT_OUTPUT_FILE_0}\"\n";
			showEnvVarsInLog = 0;
		};
		315411A14FB6CC5E75D710AE /* [CP] Embed Pods Frameworks */ = {
			isa = PBXShellScriptBuildPhase;
			buildActionMask = 2147483647;
			files = (
			);
			inputFileListPaths = (
				"${PODS_ROOT}/Target Support Files/Pods-MC Delivery Carrier/Pods-MC Delivery Carrier-frameworks-${CONFIGURATION}-input-files.xcfilelist",
			);
			name = "[CP] Embed Pods Frameworks";
			outputFileListPaths = (
				"${PODS_ROOT}/Target Support Files/Pods-MC Delivery Carrier/Pods-MC Delivery Carrier-frameworks-${CONFIGURATION}-output-files.xcfilelist",
			);
			runOnlyForDeploymentPostprocessing = 0;
			shellPath = /bin/sh;
			shellScript = "\"${PODS_ROOT}/Target Support Files/Pods-MC Delivery Carrier/Pods-MC Delivery Carrier-frameworks.sh\"\n";
			showEnvVarsInLog = 0;
		};
		6332817086F200C45B9B67D3 /* [CP] Embed Pods Frameworks */ = {
			isa = PBXShellScriptBuildPhase;
			buildActionMask = 2147483647;
			files = (
			);
			inputFileListPaths = (
				"${PODS_ROOT}/Target Support Files/Pods-MC Delivery/Pods-MC Delivery-frameworks-${CONFIGURATION}-input-files.xcfilelist",
			);
			name = "[CP] Embed Pods Frameworks";
			outputFileListPaths = (
				"${PODS_ROOT}/Target Support Files/Pods-MC Delivery/Pods-MC Delivery-frameworks-${CONFIGURATION}-output-files.xcfilelist",
			);
			runOnlyForDeploymentPostprocessing = 0;
			shellPath = /bin/sh;
			shellScript = "\"${PODS_ROOT}/Target Support Files/Pods-MC Delivery/Pods-MC Delivery-frameworks.sh\"\n";
			showEnvVarsInLog = 0;
		};
		992BF0728880FD1D31BDF093 /* [CP] Check Pods Manifest.lock */ = {
			isa = PBXShellScriptBuildPhase;
			buildActionMask = 2147483647;
			files = (
			);
			inputFileListPaths = (
			);
			inputPaths = (
				"${PODS_PODFILE_DIR_PATH}/Podfile.lock",
				"${PODS_ROOT}/Manifest.lock",
			);
			name = "[CP] Check Pods Manifest.lock";
			outputFileListPaths = (
			);
			outputPaths = (
				"$(DERIVED_FILE_DIR)/Pods-MC Delivery Carrier-checkManifestLockResult.txt",
			);
			runOnlyForDeploymentPostprocessing = 0;
			shellPath = /bin/sh;
			shellScript = "diff \"${PODS_PODFILE_DIR_PATH}/Podfile.lock\" \"${PODS_ROOT}/Manifest.lock\" > /dev/null\nif [ $? != 0 ] ; then\n    # print error to STDERR\n    echo \"error: The sandbox is not in sync with the Podfile.lock. Run 'pod install' or update your CocoaPods installation.\" >&2\n    exit 1\nfi\n# This output is used by Xcode 'outputs' to avoid re-running this script phase.\necho \"SUCCESS\" > \"${SCRIPT_OUTPUT_FILE_0}\"\n";
			showEnvVarsInLog = 0;
		};
/* End PBXShellScriptBuildPhase section */

/* Begin PBXSourcesBuildPhase section */
		F93FAF9429A26E1400786ED4 /* Sources */ = {
			isa = PBXSourcesBuildPhase;
			buildActionMask = 2147483647;
			files = (
				F9B478FA29B58D8D002817F8 /* ShoppingCartViewController.swift in Sources */,
				F932AE9829A70F7900DFB859 /* CarrierViewController.swift in Sources */,
				F932AE8A29A6559100DFB859 /* LoginViewController.swift in Sources */,
				F975A84329AA56B9006EE0E7 /* VideoCallViewController.swift in Sources */,
				F9C6C6EE29BAD65800D41CE3 /* OrderDetailViewController.swift in Sources */,
				F9516FE629B9C54100BA447C /* OrderHistoryLogic.swift in Sources */,
				F91A475529B87750005C2E93 /* OrderViewController.swift in Sources */,
				F932AE9D29A74B8C00DFB859 /* Room.swift in Sources */,
				F9E461B229A3B1160050BF0F /* MedicineCollectionViewCell.swift in Sources */,
				F9F58CA429B5E72F00D3B904 /* Med+CoreDataClass.swift in Sources */,
				F9E461A429A360F20050BF0F /* CustomNavigationBar.swift in Sources */,
				F9E461AE29A3AED60050BF0F /* CustomLayout.swift in Sources */,
				F92616C729C2D6610003B874 /* VideoCallViewController+CallDuration.swift in Sources */,
				F975A81729A86229006EE0E7 /* ProfileViewController.swift in Sources */,
				F900949629B725740031A016 /* OrderRequest.swift in Sources */,
				F93FAF9C29A26E1400786ED4 /* AppDelegate.swift in Sources */,
				F9FF20EB29A4CE02002E05A1 /* Medicine.swift in Sources */,
				F9E461BE29A3C3090050BF0F /* MenuViewController.swift in Sources */,
				F932AE8F29A6621400DFB859 /* Auth.swift in Sources */,
				F91A475129B84C61005C2E93 /* LocationViewController.swift in Sources */,
				F9FF20E629A4735D002E05A1 /* MedicinesRequest.swift in Sources */,
				F9F58CA529B5E72F00D3B904 /* Med+CoreDataProperties.swift in Sources */,
				F91F71EC29B5ACFC002EF3E6 /* CoreDataManager.swift in Sources */,
				F93FAF9E29A26E1400786ED4 /* SceneDelegate.swift in Sources */,
				F91F71F829B5CB8A002EF3E6 /* ShoppingCart.swift in Sources */,
				F9C6C6F229BAE70D00D41CE3 /* FirstOrderTableViewCell.swift in Sources */,
				F932AE8D29A65E0700DFB859 /* AuthRequest.swift in Sources */,
				F9E461A129A359460050BF0F /* CustomButton.swift in Sources */,
				F9516FE329B9901F00BA447C /* OrderTableViewCell.swift in Sources */,
				F900949129B6EA840031A016 /* NotificationEnum.swift in Sources */,
				F932AE8229A5BAEC00DFB859 /* MedicineDetailViewController.swift in Sources */,
				F9C6C6FA29BB0AA700D41CE3 /* OrderTotalBillTableViewCell.swift in Sources */,
				F932AE9129A6705700DFB859 /* UserRequest.swift in Sources */,
				F91F71E329B59298002EF3E6 /* MedicineTableViewCell.swift in Sources */,
				F975A81A29A86A21006EE0E7 /* CredentialsStore.swift in Sources */,
				F900949429B6FB740031A016 /* ShoppingCartLogic.swift in Sources */,
				F932AE9329A6756C00DFB859 /* User.swift in Sources */,
				F932AE8629A5C7DC00DFB859 /* MedicineDetailTableViewCell.swift in Sources */,
				F9E4619829A337300050BF0F /* CustomColor.swift in Sources */,
				F975A82029A9164B006EE0E7 /* CallManager.swift in Sources */,
				F995FC9729ADEC4E003E9C44 /* CalleeStore.swift in Sources */,
				F975A81C29A87965006EE0E7 /* SocketHandler.swift in Sources */,
				F975A84C29AC9415006EE0E7 /* Settings.swift in Sources */,
				F91F71EA29B5A44C002EF3E6 /* MC_Delivery.xcdatamodeld in Sources */,
				F900949829B735A20031A016 /* Order.swift in Sources */,
				F9E4618F29A32FBE0050BF0F /* HomeViewController.swift in Sources */,
				F9C6C6F629BAF1C300D41CE3 /* MedicineOrderTableViewCell.swift in Sources */,
				F987C5DD29BEE313001A5B58 /* OngoingOrderViewController.swift in Sources */,
				F932AE9B29A747E800DFB859 /* CreateOrJoinRoomRequest.swift in Sources */,
			);
			runOnlyForDeploymentPostprocessing = 0;
		};
		F93FAFAF29A26E2600786ED4 /* Sources */ = {
			isa = PBXSourcesBuildPhase;
			buildActionMask = 2147483647;
			files = (
				F975A82C29AA0A26006EE0E7 /* LoginViewController.swift in Sources */,
				F995FC9829ADEC4E003E9C44 /* CalleeStore.swift in Sources */,
				F975A83929AA3256006EE0E7 /* ClientViewController.swift in Sources */,
				F975A83E29AA37FE006EE0E7 /* UserRequest.swift in Sources */,
				F9E461A529A360F20050BF0F /* CustomNavigationBar.swift in Sources */,
				F9E461AF29A3AED60050BF0F /* CustomLayout.swift in Sources */,
				F93FAFB629A26E2600786ED4 /* AppDelegate.swift in Sources */,
				F975A83C29AA355A006EE0E7 /* SocketHandler.swift in Sources */,
				F975A83229AA2E51006EE0E7 /* CredentialsStore.swift in Sources */,
				F975A84529AB9BDF006EE0E7 /* VideoCallViewController.swift in Sources */,
				F93FAFB829A26E2600786ED4 /* SceneDelegate.swift in Sources */,
				F9E461A229A359460050BF0F /* CustomButton.swift in Sources */,
				F92616C829C2D6610003B874 /* VideoCallViewController+CallDuration.swift in Sources */,
				F975A83B29AA32B0006EE0E7 /* User.swift in Sources */,
				F975A82F29AA2C46006EE0E7 /* Auth.swift in Sources */,
				F9E4619929A337300050BF0F /* CustomColor.swift in Sources */,
				F9E4619529A32FED0050BF0F /* HomeViewController.swift in Sources */,
				F975A84029AA38B3006EE0E7 /* Room.swift in Sources */,
				F975A83529AA3151006EE0E7 /* ProfileViewController.swift in Sources */,
				F975A82329AA055D006EE0E7 /* MenuViewController.swift in Sources */,
				F975A83D29AA360A006EE0E7 /* CallManager.swift in Sources */,
				F987C5EA29C05D27001A5B58 /* AuthRequest.swift in Sources */,
				F975A84D29AC9415006EE0E7 /* Settings.swift in Sources */,
				F975A83F29AA3899006EE0E7 /* CreateOrJoinRoomRequest.swift in Sources */,
			);
			runOnlyForDeploymentPostprocessing = 0;
		};
/* End PBXSourcesBuildPhase section */

/* Begin PBXVariantGroup section */
		F93FAFA629A26E1500786ED4 /* LaunchScreen.storyboard */ = {
			isa = PBXVariantGroup;
			children = (
				F93FAFA729A26E1500786ED4 /* Base */,
			);
			name = LaunchScreen.storyboard;
			sourceTree = "<group>";
		};
		F93FAFC029A26E2600786ED4 /* LaunchScreen.storyboard */ = {
			isa = PBXVariantGroup;
			children = (
				F93FAFC129A26E2600786ED4 /* Base */,
			);
			name = LaunchScreen.storyboard;
			sourceTree = "<group>";
		};
/* End PBXVariantGroup section */

/* Begin XCBuildConfiguration section */
		F93FAFAA29A26E1500786ED4 /* Debug */ = {
			isa = XCBuildConfiguration;
			buildSettings = {
				ALWAYS_SEARCH_USER_PATHS = NO;
				CLANG_ANALYZER_NONNULL = YES;
				CLANG_ANALYZER_NUMBER_OBJECT_CONVERSION = YES_AGGRESSIVE;
				CLANG_CXX_LANGUAGE_STANDARD = "gnu++20";
				CLANG_ENABLE_MODULES = YES;
				CLANG_ENABLE_OBJC_ARC = YES;
				CLANG_ENABLE_OBJC_WEAK = YES;
				CLANG_WARN_BLOCK_CAPTURE_AUTORELEASING = YES;
				CLANG_WARN_BOOL_CONVERSION = YES;
				CLANG_WARN_COMMA = YES;
				CLANG_WARN_CONSTANT_CONVERSION = YES;
				CLANG_WARN_DEPRECATED_OBJC_IMPLEMENTATIONS = YES;
				CLANG_WARN_DIRECT_OBJC_ISA_USAGE = YES_ERROR;
				CLANG_WARN_DOCUMENTATION_COMMENTS = YES;
				CLANG_WARN_EMPTY_BODY = YES;
				CLANG_WARN_ENUM_CONVERSION = YES;
				CLANG_WARN_INFINITE_RECURSION = YES;
				CLANG_WARN_INT_CONVERSION = YES;
				CLANG_WARN_NON_LITERAL_NULL_CONVERSION = YES;
				CLANG_WARN_OBJC_IMPLICIT_RETAIN_SELF = YES;
				CLANG_WARN_OBJC_LITERAL_CONVERSION = YES;
				CLANG_WARN_OBJC_ROOT_CLASS = YES_ERROR;
				CLANG_WARN_QUOTED_INCLUDE_IN_FRAMEWORK_HEADER = YES;
				CLANG_WARN_RANGE_LOOP_ANALYSIS = YES;
				CLANG_WARN_STRICT_PROTOTYPES = YES;
				CLANG_WARN_SUSPICIOUS_MOVE = YES;
				CLANG_WARN_UNGUARDED_AVAILABILITY = YES_AGGRESSIVE;
				CLANG_WARN_UNREACHABLE_CODE = YES;
				CLANG_WARN__DUPLICATE_METHOD_MATCH = YES;
				COPY_PHASE_STRIP = NO;
				DEBUG_INFORMATION_FORMAT = dwarf;
				ENABLE_STRICT_OBJC_MSGSEND = YES;
				ENABLE_TESTABILITY = YES;
				GCC_C_LANGUAGE_STANDARD = gnu11;
				GCC_DYNAMIC_NO_PIC = NO;
				GCC_NO_COMMON_BLOCKS = YES;
				GCC_OPTIMIZATION_LEVEL = 0;
				GCC_PREPROCESSOR_DEFINITIONS = (
					"DEBUG=1",
					"$(inherited)",
				);
				GCC_WARN_64_TO_32_BIT_CONVERSION = YES;
				GCC_WARN_ABOUT_RETURN_TYPE = YES_ERROR;
				GCC_WARN_UNDECLARED_SELECTOR = YES;
				GCC_WARN_UNINITIALIZED_AUTOS = YES_AGGRESSIVE;
				GCC_WARN_UNUSED_FUNCTION = YES;
				GCC_WARN_UNUSED_VARIABLE = YES;
				IPHONEOS_DEPLOYMENT_TARGET = 14.0;
				MTL_ENABLE_DEBUG_INFO = INCLUDE_SOURCE;
				MTL_FAST_MATH = YES;
				ONLY_ACTIVE_ARCH = YES;
				SDKROOT = iphoneos;
				SWIFT_ACTIVE_COMPILATION_CONDITIONS = DEBUG;
				SWIFT_OPTIMIZATION_LEVEL = "-Onone";
			};
			name = Debug;
		};
		F93FAFAB29A26E1500786ED4 /* Release */ = {
			isa = XCBuildConfiguration;
			buildSettings = {
				ALWAYS_SEARCH_USER_PATHS = NO;
				CLANG_ANALYZER_NONNULL = YES;
				CLANG_ANALYZER_NUMBER_OBJECT_CONVERSION = YES_AGGRESSIVE;
				CLANG_CXX_LANGUAGE_STANDARD = "gnu++20";
				CLANG_ENABLE_MODULES = YES;
				CLANG_ENABLE_OBJC_ARC = YES;
				CLANG_ENABLE_OBJC_WEAK = YES;
				CLANG_WARN_BLOCK_CAPTURE_AUTORELEASING = YES;
				CLANG_WARN_BOOL_CONVERSION = YES;
				CLANG_WARN_COMMA = YES;
				CLANG_WARN_CONSTANT_CONVERSION = YES;
				CLANG_WARN_DEPRECATED_OBJC_IMPLEMENTATIONS = YES;
				CLANG_WARN_DIRECT_OBJC_ISA_USAGE = YES_ERROR;
				CLANG_WARN_DOCUMENTATION_COMMENTS = YES;
				CLANG_WARN_EMPTY_BODY = YES;
				CLANG_WARN_ENUM_CONVERSION = YES;
				CLANG_WARN_INFINITE_RECURSION = YES;
				CLANG_WARN_INT_CONVERSION = YES;
				CLANG_WARN_NON_LITERAL_NULL_CONVERSION = YES;
				CLANG_WARN_OBJC_IMPLICIT_RETAIN_SELF = YES;
				CLANG_WARN_OBJC_LITERAL_CONVERSION = YES;
				CLANG_WARN_OBJC_ROOT_CLASS = YES_ERROR;
				CLANG_WARN_QUOTED_INCLUDE_IN_FRAMEWORK_HEADER = YES;
				CLANG_WARN_RANGE_LOOP_ANALYSIS = YES;
				CLANG_WARN_STRICT_PROTOTYPES = YES;
				CLANG_WARN_SUSPICIOUS_MOVE = YES;
				CLANG_WARN_UNGUARDED_AVAILABILITY = YES_AGGRESSIVE;
				CLANG_WARN_UNREACHABLE_CODE = YES;
				CLANG_WARN__DUPLICATE_METHOD_MATCH = YES;
				COPY_PHASE_STRIP = NO;
				DEBUG_INFORMATION_FORMAT = "dwarf-with-dsym";
				ENABLE_NS_ASSERTIONS = NO;
				ENABLE_STRICT_OBJC_MSGSEND = YES;
				GCC_C_LANGUAGE_STANDARD = gnu11;
				GCC_NO_COMMON_BLOCKS = YES;
				GCC_WARN_64_TO_32_BIT_CONVERSION = YES;
				GCC_WARN_ABOUT_RETURN_TYPE = YES_ERROR;
				GCC_WARN_UNDECLARED_SELECTOR = YES;
				GCC_WARN_UNINITIALIZED_AUTOS = YES_AGGRESSIVE;
				GCC_WARN_UNUSED_FUNCTION = YES;
				GCC_WARN_UNUSED_VARIABLE = YES;
				IPHONEOS_DEPLOYMENT_TARGET = 14.0;
				MTL_ENABLE_DEBUG_INFO = NO;
				MTL_FAST_MATH = YES;
				SDKROOT = iphoneos;
				SWIFT_COMPILATION_MODE = wholemodule;
				SWIFT_OPTIMIZATION_LEVEL = "-O";
				VALIDATE_PRODUCT = YES;
			};
			name = Release;
		};
		F93FAFAD29A26E1500786ED4 /* Debug */ = {
			isa = XCBuildConfiguration;
			baseConfigurationReference = BDFCAEA7BB4AFC2B380C7DC4 /* Pods-MC Delivery.debug.xcconfig */;
			buildSettings = {
				ASSETCATALOG_COMPILER_APPICON_NAME = AppIcon;
				ASSETCATALOG_COMPILER_GLOBAL_ACCENT_COLOR_NAME = AccentColor;
				CODE_SIGN_IDENTITY = "Apple Development";
				"CODE_SIGN_IDENTITY[sdk=iphoneos*]" = "iPhone Developer";
				CODE_SIGN_STYLE = Manual;
				CURRENT_PROJECT_VERSION = 1;
				DEVELOPMENT_TEAM = "";
				"DEVELOPMENT_TEAM[sdk=iphoneos*]" = X624A6G9UP;
				GENERATE_INFOPLIST_FILE = YES;
				INFOPLIST_FILE = "MC Delivery/Info.plist";
				INFOPLIST_KEY_NSCameraUsageDescription = "This app requires access to camera";
				INFOPLIST_KEY_NSLocalNetworkUsageDescription = "This app requires access to local network";
				INFOPLIST_KEY_NSMicrophoneUsageDescription = "This app requires access to microphone";
				INFOPLIST_KEY_UIApplicationSupportsIndirectInputEvents = YES;
				INFOPLIST_KEY_UILaunchStoryboardName = LaunchScreen.storyboard;
				INFOPLIST_KEY_UISupportedInterfaceOrientations = UIInterfaceOrientationPortrait;
				IPHONEOS_DEPLOYMENT_TARGET = 14.0;
				LD_RUNPATH_SEARCH_PATHS = (
					"$(inherited)",
					"@executable_path/Frameworks",
				);
				MARKETING_VERSION = 1.0;
				PRODUCT_BUNDLE_IDENTIFIER = com.projectMC.user;
				PRODUCT_NAME = "$(TARGET_NAME)";
				PROVISIONING_PROFILE_SPECIFIER = "";
				"PROVISIONING_PROFILE_SPECIFIER[sdk=iphoneos*]" = "MC Delivery";
				SWIFT_EMIT_LOC_STRINGS = YES;
				SWIFT_VERSION = 5.0;
				TARGETED_DEVICE_FAMILY = "1,2";
			};
			name = Debug;
		};
		F93FAFAE29A26E1500786ED4 /* Release */ = {
			isa = XCBuildConfiguration;
			baseConfigurationReference = 7A08076750AC6F8941580B95 /* Pods-MC Delivery.release.xcconfig */;
			buildSettings = {
				ASSETCATALOG_COMPILER_APPICON_NAME = AppIcon;
				ASSETCATALOG_COMPILER_GLOBAL_ACCENT_COLOR_NAME = AccentColor;
				CODE_SIGN_STYLE = Automatic;
				CURRENT_PROJECT_VERSION = 1;
				DEVELOPMENT_TEAM = 53FDVL354X;
				GENERATE_INFOPLIST_FILE = YES;
				INFOPLIST_FILE = "MC Delivery/Info.plist";
				INFOPLIST_KEY_NSCameraUsageDescription = "This app requires access to camera";
				INFOPLIST_KEY_NSLocalNetworkUsageDescription = "This app requires access to local network";
				INFOPLIST_KEY_NSMicrophoneUsageDescription = "This app requires access to microphone";
				INFOPLIST_KEY_UIApplicationSupportsIndirectInputEvents = YES;
				INFOPLIST_KEY_UILaunchStoryboardName = LaunchScreen.storyboard;
				INFOPLIST_KEY_UISupportedInterfaceOrientations = UIInterfaceOrientationPortrait;
				IPHONEOS_DEPLOYMENT_TARGET = 14.0;
				LD_RUNPATH_SEARCH_PATHS = (
					"$(inherited)",
					"@executable_path/Frameworks",
				);
				MARKETING_VERSION = 1.0;
				PRODUCT_BUNDLE_IDENTIFIER = com.projectMCD;
				PRODUCT_NAME = "$(TARGET_NAME)";
				SWIFT_EMIT_LOC_STRINGS = YES;
				SWIFT_VERSION = 5.0;
				TARGETED_DEVICE_FAMILY = "1,2";
			};
			name = Release;
		};
		F93FAFC529A26E2600786ED4 /* Debug */ = {
			isa = XCBuildConfiguration;
			baseConfigurationReference = 428391C23254F94CB82B7D85 /* Pods-MC Delivery Carrier.debug.xcconfig */;
			buildSettings = {
				ASSETCATALOG_COMPILER_APPICON_NAME = AppIcon;
				ASSETCATALOG_COMPILER_GLOBAL_ACCENT_COLOR_NAME = AccentColor;
				CODE_SIGN_IDENTITY = "Apple Development";
				"CODE_SIGN_IDENTITY[sdk=iphoneos*]" = "iPhone Developer";
				CODE_SIGN_STYLE = Manual;
				CURRENT_PROJECT_VERSION = 1;
				DEVELOPMENT_TEAM = "";
				"DEVELOPMENT_TEAM[sdk=iphoneos*]" = X624A6G9UP;
				GENERATE_INFOPLIST_FILE = YES;
				INFOPLIST_FILE = "MC Delivery Carrier/Info.plist";
				INFOPLIST_KEY_NSCameraUsageDescription = "This app requires access to camera";
				INFOPLIST_KEY_NSLocalNetworkUsageDescription = "This app requires access to local network";
				INFOPLIST_KEY_NSMicrophoneUsageDescription = "This app requires access to microphone";
				INFOPLIST_KEY_UIApplicationSupportsIndirectInputEvents = YES;
				INFOPLIST_KEY_UILaunchStoryboardName = LaunchScreen.storyboard;
				INFOPLIST_KEY_UISupportedInterfaceOrientations = UIInterfaceOrientationPortrait;
				IPHONEOS_DEPLOYMENT_TARGET = 14.0;
				LD_RUNPATH_SEARCH_PATHS = (
					"$(inherited)",
					"@executable_path/Frameworks",
				);
				MARKETING_VERSION = 1.0;
				PRODUCT_BUNDLE_IDENTIFIER = com.projectMC.delivery;
				PRODUCT_NAME = "$(TARGET_NAME)";
				PROVISIONING_PROFILE_SPECIFIER = "";
				"PROVISIONING_PROFILE_SPECIFIER[sdk=iphoneos*]" = "MC Delivery Carrier";
				SWIFT_EMIT_LOC_STRINGS = YES;
				SWIFT_VERSION = 5.0;
				TARGETED_DEVICE_FAMILY = "1,2";
			};
			name = Debug;
		};
		F93FAFC629A26E2600786ED4 /* Release */ = {
			isa = XCBuildConfiguration;
			baseConfigurationReference = BE0A5D872F035253E519D132 /* Pods-MC Delivery Carrier.release.xcconfig */;
			buildSettings = {
				ASSETCATALOG_COMPILER_APPICON_NAME = AppIcon;
				ASSETCATALOG_COMPILER_GLOBAL_ACCENT_COLOR_NAME = AccentColor;
				CODE_SIGN_STYLE = Automatic;
				CURRENT_PROJECT_VERSION = 1;
				DEVELOPMENT_TEAM = 53FDVL354X;
				GENERATE_INFOPLIST_FILE = YES;
				INFOPLIST_FILE = "MC Delivery Carrier/Info.plist";
				INFOPLIST_KEY_NSCameraUsageDescription = "This app requires access to camera";
				INFOPLIST_KEY_NSLocalNetworkUsageDescription = "This app requires access to local network";
				INFOPLIST_KEY_NSMicrophoneUsageDescription = "This app requires access to microphone";
				INFOPLIST_KEY_UIApplicationSupportsIndirectInputEvents = YES;
				INFOPLIST_KEY_UILaunchStoryboardName = LaunchScreen.storyboard;
				INFOPLIST_KEY_UISupportedInterfaceOrientations = UIInterfaceOrientationPortrait;
				IPHONEOS_DEPLOYMENT_TARGET = 14.0;
				LD_RUNPATH_SEARCH_PATHS = (
					"$(inherited)",
					"@executable_path/Frameworks",
				);
				MARKETING_VERSION = 1.0;
				PRODUCT_BUNDLE_IDENTIFIER = com.project;
				PRODUCT_NAME = "$(TARGET_NAME)";
				SWIFT_EMIT_LOC_STRINGS = YES;
				SWIFT_VERSION = 5.0;
				TARGETED_DEVICE_FAMILY = "1,2";
			};
			name = Release;
		};
/* End XCBuildConfiguration section */

/* Begin XCConfigurationList section */
		F93FAF9329A26E1400786ED4 /* Build configuration list for PBXProject "MC Delivery" */ = {
			isa = XCConfigurationList;
			buildConfigurations = (
				F93FAFAA29A26E1500786ED4 /* Debug */,
				F93FAFAB29A26E1500786ED4 /* Release */,
			);
			defaultConfigurationIsVisible = 0;
			defaultConfigurationName = Release;
		};
		F93FAFAC29A26E1500786ED4 /* Build configuration list for PBXNativeTarget "MC Delivery" */ = {
			isa = XCConfigurationList;
			buildConfigurations = (
				F93FAFAD29A26E1500786ED4 /* Debug */,
				F93FAFAE29A26E1500786ED4 /* Release */,
			);
			defaultConfigurationIsVisible = 0;
			defaultConfigurationName = Release;
		};
		F93FAFC429A26E2600786ED4 /* Build configuration list for PBXNativeTarget "MC Delivery Carrier" */ = {
			isa = XCConfigurationList;
			buildConfigurations = (
				F93FAFC529A26E2600786ED4 /* Debug */,
				F93FAFC629A26E2600786ED4 /* Release */,
			);
			defaultConfigurationIsVisible = 0;
			defaultConfigurationName = Release;
		};
/* End XCConfigurationList section */

/* Begin XCVersionGroup section */
		F91F71E829B5A44C002EF3E6 /* MC_Delivery.xcdatamodeld */ = {
			isa = XCVersionGroup;
			children = (
				F91F71E929B5A44C002EF3E6 /* MC_Delivery.xcdatamodel */,
			);
			currentVersion = F91F71E929B5A44C002EF3E6 /* MC_Delivery.xcdatamodel */;
			path = MC_Delivery.xcdatamodeld;
			sourceTree = "<group>";
			versionGroupType = wrapper.xcdatamodel;
		};
/* End XCVersionGroup section */
	};
	rootObject = F93FAF9029A26E1400786ED4 /* Project object */;
}
